// !$*UTF8*$!
{
	archiveVersion = 1;
	classes = {
	};
	objectVersion = 46;
	objects = {

/* Begin PBXBuildFile section */
		8308E132188662BD001E0B45 /* AboutWindow.m in Sources */ = {isa = PBXBuildFile; fileRef = 8308E130188662BD001E0B45 /* AboutWindow.m */; };
		8308E133188662BD001E0B45 /* AboutWindow.xib in Resources */ = {isa = PBXBuildFile; fileRef = 8308E131188662BD001E0B45 /* AboutWindow.xib */; };
		8308E135188668A1001E0B45 /* WebKit.framework in Frameworks */ = {isa = PBXBuildFile; fileRef = 8308E134188668A1001E0B45 /* WebKit.framework */; };
		8308E14018869FAC001E0B45 /* Bookmark.m in Sources */ = {isa = PBXBuildFile; fileRef = 8308E13F18869FAC001E0B45 /* Bookmark.m */; };
		830D063D192F69190043CE3C /* MenuItemObject.m in Sources */ = {isa = PBXBuildFile; fileRef = 830D063C192F69190043CE3C /* MenuItemObject.m */; };
		83103A571982180C00B340BB /* ParallelsServiceProvider.m in Sources */ = {isa = PBXBuildFile; fileRef = 83103A561982180C00B340BB /* ParallelsServiceProvider.m */; };
		83103A5A19821A9E00B340BB /* ParallelsMachineInfo.m in Sources */ = {isa = PBXBuildFile; fileRef = 83103A5919821A9E00B340BB /* ParallelsMachineInfo.m */; };
		83103A7D19824BBF00B340BB /* InstanceRowView.m in Sources */ = {isa = PBXBuildFile; fileRef = 83103A7C19824BBF00B340BB /* InstanceRowView.m */; };
		8339DCA1187E756B0036E162 /* TaskOutputWindow.m in Sources */ = {isa = PBXBuildFile; fileRef = 8339DC9F187E756B0036E162 /* TaskOutputWindow.m */; };
		8339DCA2187E756B0036E162 /* TaskOutputWindow.xib in Resources */ = {isa = PBXBuildFile; fileRef = 8339DCA0187E756B0036E162 /* TaskOutputWindow.xib */; };
		8360A05718C2B37F002EA89B /* Environments.plist in Resources */ = {isa = PBXBuildFile; fileRef = 8360A05618C2B37F002EA89B /* Environments.plist */; };
		8360A05A18C2B39B002EA89B /* Environment.m in Sources */ = {isa = PBXBuildFile; fileRef = 8360A05918C2B39B002EA89B /* Environment.m */; };
		8372138619272A5E0052206D /* AXStatusItemPopup.m in Sources */ = {isa = PBXBuildFile; fileRef = 8372138519272A5E0052206D /* AXStatusItemPopup.m */; };
		8372138A19272CB00052206D /* CustomPopoverMenu.m in Sources */ = {isa = PBXBuildFile; fileRef = 8372138819272CB00052206D /* CustomPopoverMenu.m */; };
		8372138B19272CB00052206D /* CustomPopoverMenu.xib in Resources */ = {isa = PBXBuildFile; fileRef = 8372138919272CB00052206D /* CustomPopoverMenu.xib */; };
		837213A1192758020052206D /* close.png in Resources */ = {isa = PBXBuildFile; fileRef = 8372139A192758020052206D /* close.png */; };
		837213A8192758CE0052206D /* close@2x.png in Resources */ = {isa = PBXBuildFile; fileRef = 837213A7192758CE0052206D /* close@2x.png */; };
		837213BC192769020052206D /* MachineMenuItem.m in Sources */ = {isa = PBXBuildFile; fileRef = 837213BB192769020052206D /* MachineMenuItem.m */; };
		838A36FB191F56E4006244FA /* Security.framework in Frameworks */ = {isa = PBXBuildFile; fileRef = 832784C918A7483900222C71 /* Security.framework */; };
		838A3726191F59FE006244FA /* Foundation.framework in Frameworks */ = {isa = PBXBuildFile; fileRef = 838A3701191F5798006244FA /* Foundation.framework */; };
		838A3731191F5A0F006244FA /* Askpass.m in Sources */ = {isa = PBXBuildFile; fileRef = 838A36F6191F53D8006244FA /* Askpass.m */; };
		838A3732191F5A0F006244FA /* PasswordHelper.m in Sources */ = {isa = PBXBuildFile; fileRef = 838A36F8191F53D8006244FA /* PasswordHelper.m */; };
		838A3733191F5A8B006244FA /* Security.framework in Frameworks */ = {isa = PBXBuildFile; fileRef = 832784C918A7483900222C71 /* Security.framework */; };
		838A3736191F5AAB006244FA /* Askpass in Resources */ = {isa = PBXBuildFile; fileRef = 838A3725191F59FE006244FA /* Askpass */; };
		838B394018CC85BC00A04C15 /* vagrant_logo_on-flat.png in Resources */ = {isa = PBXBuildFile; fileRef = 838B393D18CC85BC00A04C15 /* vagrant_logo_on-flat.png */; };
		83BCB0441921B02600206967 /* Sparkle.framework in Frameworks */ = {isa = PBXBuildFile; fileRef = 83BCB0431921B02600206967 /* Sparkle.framework */; };
		83BCB0471921B1D600206967 /* Sparkle.framework in CopyFiles */ = {isa = PBXBuildFile; fileRef = 83BCB0431921B02600206967 /* Sparkle.framework */; settings = {ATTRIBUTES = (CodeSignOnCopy, ); }; };
		83BCB0491921B6BF00206967 /* dsa_pub.pem in Resources */ = {isa = PBXBuildFile; fileRef = 83BCB0481921B6BF00206967 /* dsa_pub.pem */; };
		83C4CDA61A05FA0400611DCC /* vagrant_logo_off-clean.png in Resources */ = {isa = PBXBuildFile; fileRef = 83C4CDA21A05FA0400611DCC /* vagrant_logo_off-clean.png */; };
		83C4CDA71A05FA0400611DCC /* vagrant_logo_off-clean@2x.png in Resources */ = {isa = PBXBuildFile; fileRef = 83C4CDA31A05FA0400611DCC /* vagrant_logo_off-clean@2x.png */; };
		83C4CDA81A05FA0400611DCC /* vagrant_logo_off-flat.png in Resources */ = {isa = PBXBuildFile; fileRef = 83C4CDA41A05FA0400611DCC /* vagrant_logo_off-flat.png */; };
		83C4CDA91A05FA0400611DCC /* vagrant_logo_off-flat@2x.png in Resources */ = {isa = PBXBuildFile; fileRef = 83C4CDA51A05FA0400611DCC /* vagrant_logo_off-flat@2x.png */; };
		83C7C8321945825B007AC491 /* CLIColor.m in Sources */ = {isa = PBXBuildFile; fileRef = 83C7C81C1945825B007AC491 /* CLIColor.m */; };
		83C7C8331945825B007AC491 /* DDAbstractDatabaseLogger.m in Sources */ = {isa = PBXBuildFile; fileRef = 83C7C81E1945825B007AC491 /* DDAbstractDatabaseLogger.m */; };
		83C7C8341945825B007AC491 /* DDASLLogCapture.m in Sources */ = {isa = PBXBuildFile; fileRef = 83C7C8201945825B007AC491 /* DDASLLogCapture.m */; };
		83C7C8351945825B007AC491 /* DDASLLogger.m in Sources */ = {isa = PBXBuildFile; fileRef = 83C7C8221945825B007AC491 /* DDASLLogger.m */; };
		83C7C8361945825B007AC491 /* DDFileLogger.m in Sources */ = {isa = PBXBuildFile; fileRef = 83C7C8241945825B007AC491 /* DDFileLogger.m */; };
		83C7C8371945825B007AC491 /* DDLog.m in Sources */ = {isa = PBXBuildFile; fileRef = 83C7C8271945825B007AC491 /* DDLog.m */; };
		83C7C8381945825B007AC491 /* DDTTYLogger.m in Sources */ = {isa = PBXBuildFile; fileRef = 83C7C8291945825B007AC491 /* DDTTYLogger.m */; };
		83C7C8391945825B007AC491 /* DDContextFilterLogFormatter.m in Sources */ = {isa = PBXBuildFile; fileRef = 83C7C82C1945825B007AC491 /* DDContextFilterLogFormatter.m */; };
		83C7C83A1945825B007AC491 /* DDDispatchQueueLogFormatter.m in Sources */ = {isa = PBXBuildFile; fileRef = 83C7C82E1945825B007AC491 /* DDDispatchQueueLogFormatter.m */; };
		83C7C83B1945825B007AC491 /* DDMultiFormatter.m in Sources */ = {isa = PBXBuildFile; fileRef = 83C7C8301945825B007AC491 /* DDMultiFormatter.m */; };
		83C7C83C1945825B007AC491 /* README.txt in Resources */ = {isa = PBXBuildFile; fileRef = 83C7C8311945825B007AC491 /* README.txt */; };
		83D5D6E219DEAC230098B8F6 /* PopupView.m in Sources */ = {isa = PBXBuildFile; fileRef = 83D5D6E119DEAC230098B8F6 /* PopupView.m */; };
		83D5D6E619DEBBE10098B8F6 /* appicon_128.png in Resources */ = {isa = PBXBuildFile; fileRef = 83D5D6E519DEBBE10098B8F6 /* appicon_128.png */; };
		83D5D6ED19DEBE580098B8F6 /* refresh.png in Resources */ = {isa = PBXBuildFile; fileRef = 83D5D6EB19DEBE580098B8F6 /* refresh.png */; };
		83D5D6EE19DEBE580098B8F6 /* refresh@2x.png in Resources */ = {isa = PBXBuildFile; fileRef = 83D5D6EC19DEBE580098B8F6 /* refresh@2x.png */; };
		83DB6731192885090008CB57 /* AXTextView.m in Sources */ = {isa = PBXBuildFile; fileRef = 83DB6730192885090008CB57 /* AXTextView.m */; };
		83DB673719288DD90008CB57 /* VagrantInstance.m in Sources */ = {isa = PBXBuildFile; fileRef = 83DB673619288DD90008CB57 /* VagrantInstance.m */; };
		83DB673A1928AC0C0008CB57 /* VagrantMachine.m in Sources */ = {isa = PBXBuildFile; fileRef = 83DB67391928AC0C0008CB57 /* VagrantMachine.m */; };
		83DB673D1928B3510008CB57 /* VagrantManager.m in Sources */ = {isa = PBXBuildFile; fileRef = 83DB673C1928B3510008CB57 /* VagrantManager.m */; };
		83E7CAB41928C2E9001C86F6 /* VirtualMachineInfo.m in Sources */ = {isa = PBXBuildFile; fileRef = 83E7CAB31928C2E9001C86F6 /* VirtualMachineInfo.m */; };
		83E7CABB1928EFF6001C86F6 /* InstanceMenuItem.m in Sources */ = {isa = PBXBuildFile; fileRef = 83E7CAB91928EFF6001C86F6 /* InstanceMenuItem.m */; };
		83E7CAC219290A89001C86F6 /* arrow-down.png in Resources */ = {isa = PBXBuildFile; fileRef = 83E7CAC019290A89001C86F6 /* arrow-down.png */; };
		83E7CAC319290A89001C86F6 /* arrow-down@2x.png in Resources */ = {isa = PBXBuildFile; fileRef = 83E7CAC119290A89001C86F6 /* arrow-down@2x.png */; };
		83E7CAC61929F135001C86F6 /* arrow-up@2x.png in Resources */ = {isa = PBXBuildFile; fileRef = 83E7CAC41929F135001C86F6 /* arrow-up@2x.png */; };
		83E7CAC71929F135001C86F6 /* arrow-up.png in Resources */ = {isa = PBXBuildFile; fileRef = 83E7CAC51929F135001C86F6 /* arrow-up.png */; };
		83EAC43C18D067C900FF26A1 /* vagrant_logo_on-clean.png in Resources */ = {isa = PBXBuildFile; fileRef = 83EAC43918D067C900FF26A1 /* vagrant_logo_on-clean.png */; };
		83F1696F1923789900C54F13 /* VersionComparison.m in Sources */ = {isa = PBXBuildFile; fileRef = 83F1696E1923789900C54F13 /* VersionComparison.m */; };
		83F5BBB21983A39100ACE853 /* TextMenuItem.m in Sources */ = {isa = PBXBuildFile; fileRef = 83F5BBB11983A39100ACE853 /* TextMenuItem.m */; };
		83F5BBC01983D85C00ACE853 /* MainMenu.xib in Resources */ = {isa = PBXBuildFile; fileRef = 83F5BBBE1983D85C00ACE853 /* MainMenu.xib */; };
		83FD3539198263D4002EEA2D /* MachineRowView.m in Sources */ = {isa = PBXBuildFile; fileRef = 83FD3538198263D4002EEA2D /* MachineRowView.m */; };
		83FD353D19826945002EEA2D /* ManageBookmarksWindow.m in Sources */ = {isa = PBXBuildFile; fileRef = 83FD353B19826945002EEA2D /* ManageBookmarksWindow.m */; };
		83FD353E19826945002EEA2D /* ManageBookmarksWindow.xib in Resources */ = {isa = PBXBuildFile; fileRef = 83FD353C19826945002EEA2D /* ManageBookmarksWindow.xib */; };
		83FD354119826C80002EEA2D /* bookmark.png in Resources */ = {isa = PBXBuildFile; fileRef = 83FD353F19826C80002EEA2D /* bookmark.png */; };
		83FD354219826C80002EEA2D /* bookmark@2x.png in Resources */ = {isa = PBXBuildFile; fileRef = 83FD354019826C80002EEA2D /* bookmark@2x.png */; };
		83FD354519826DDC002EEA2D /* NFSScanner.m in Sources */ = {isa = PBXBuildFile; fileRef = 83FD354419826DDC002EEA2D /* NFSScanner.m */; };
		83FD354819827545002EEA2D /* BookmarkManager.m in Sources */ = {isa = PBXBuildFile; fileRef = 83FD354719827545002EEA2D /* BookmarkManager.m */; };
		83FD355519828164002EEA2D /* arrow_down.png in Resources */ = {isa = PBXBuildFile; fileRef = 83FD355119828164002EEA2D /* arrow_down.png */; };
		83FD355619828164002EEA2D /* arrow_down@2x.png in Resources */ = {isa = PBXBuildFile; fileRef = 83FD355219828164002EEA2D /* arrow_down@2x.png */; };
		83FD355719828164002EEA2D /* arrow_right.png in Resources */ = {isa = PBXBuildFile; fileRef = 83FD355319828164002EEA2D /* arrow_right.png */; };
		83FD355819828164002EEA2D /* arrow_right@2x.png in Resources */ = {isa = PBXBuildFile; fileRef = 83FD355419828164002EEA2D /* arrow_right@2x.png */; };
		B12661181A00A650009B1635 /* NativeMenu.m in Sources */ = {isa = PBXBuildFile; fileRef = B12661171A00A650009B1635 /* NativeMenu.m */; };
		B1357A71187CEB3B00811CBC /* Cocoa.framework in Frameworks */ = {isa = PBXBuildFile; fileRef = B1357A70187CEB3B00811CBC /* Cocoa.framework */; };
		B1357A7B187CEB3B00811CBC /* InfoPlist.strings in Resources */ = {isa = PBXBuildFile; fileRef = B1357A79187CEB3B00811CBC /* InfoPlist.strings */; };
		B1357A7D187CEB3B00811CBC /* main.m in Sources */ = {isa = PBXBuildFile; fileRef = B1357A7C187CEB3B00811CBC /* main.m */; };
		B1357A84187CEB3B00811CBC /* AppDelegate.m in Sources */ = {isa = PBXBuildFile; fileRef = B1357A83187CEB3B00811CBC /* AppDelegate.m */; };
		B1357A89187CEB3B00811CBC /* Images.xcassets in Resources */ = {isa = PBXBuildFile; fileRef = B1357A88187CEB3B00811CBC /* Images.xcassets */; };
		B13DC35B19232782002E5A50 /* VirtualBoxServiceProvider.m in Sources */ = {isa = PBXBuildFile; fileRef = B13DC35A19232782002E5A50 /* VirtualBoxServiceProvider.m */; };
		B13DC36019233051002E5A50 /* VirtualBoxMachineInfo.m in Sources */ = {isa = PBXBuildFile; fileRef = B13DC35F19233051002E5A50 /* VirtualBoxMachineInfo.m */; };
		B150012019249645000A76E7 /* vagrant_logo_on-clean@2x.png in Resources */ = {isa = PBXBuildFile; fileRef = B150011F19249645000A76E7 /* vagrant_logo_on-clean@2x.png */; };
		B150012A19249B19000A76E7 /* status_icon_problem@2x.png in Resources */ = {isa = PBXBuildFile; fileRef = B150012919249B19000A76E7 /* status_icon_problem@2x.png */; };
		B150012E19249CA2000A76E7 /* vagrant_logo_on-flat@2x.png in Resources */ = {isa = PBXBuildFile; fileRef = B150012D19249CA2000A76E7 /* vagrant_logo_on-flat@2x.png */; };
		B150013319249FFD000A76E7 /* status_icon_off@2x.png in Resources */ = {isa = PBXBuildFile; fileRef = B150013119249FFD000A76E7 /* status_icon_off@2x.png */; };
		B150013419249FFD000A76E7 /* status_icon_on@2x.png in Resources */ = {isa = PBXBuildFile; fileRef = B150013219249FFD000A76E7 /* status_icon_on@2x.png */; };
		B15001361924A02C000A76E7 /* status_icon_suspended@2x.png in Resources */ = {isa = PBXBuildFile; fileRef = B15001351924A02C000A76E7 /* status_icon_suspended@2x.png */; };
		B1761B3D1A00C0140056582F /* NativeMenuItem.m in Sources */ = {isa = PBXBuildFile; fileRef = B1761B3C1A00C0140056582F /* NativeMenuItem.m */; };
		B17AA18B1887A75300B4C274 /* Util.m in Sources */ = {isa = PBXBuildFile; fileRef = B17AA18A1887A75300B4C274 /* Util.m */; };
		B17AA18F1887CA4600B4C274 /* PreferencesWindow.m in Sources */ = {isa = PBXBuildFile; fileRef = B17AA18D1887CA4600B4C274 /* PreferencesWindow.m */; };
		B17AA1901887CA4600B4C274 /* PreferencesWindow.xib in Resources */ = {isa = PBXBuildFile; fileRef = B17AA18E1887CA4600B4C274 /* PreferencesWindow.xib */; };
		B17AA1961887DA5800B4C274 /* status_icon_problem.png in Resources */ = {isa = PBXBuildFile; fileRef = B17AA1931887DA5800B4C274 /* status_icon_problem.png */; };
		B17AA1991887DB8C00B4C274 /* status_icon_off.png in Resources */ = {isa = PBXBuildFile; fileRef = B17AA1971887DB8C00B4C274 /* status_icon_off.png */; };
		B17AA19A1887DB8C00B4C274 /* status_icon_on.png in Resources */ = {isa = PBXBuildFile; fileRef = B17AA1981887DB8C00B4C274 /* status_icon_on.png */; };
		B1FAFC791920B62D009F0F86 /* status_icon_suspended.png in Resources */ = {isa = PBXBuildFile; fileRef = B1FAFC781920B62D009F0F86 /* status_icon_suspended.png */; };
/* End PBXBuildFile section */

/* Begin PBXContainerItemProxy section */
		838A3734191F5A9D006244FA /* PBXContainerItemProxy */ = {
			isa = PBXContainerItemProxy;
			containerPortal = B1357A65187CEB3B00811CBC /* Project object */;
			proxyType = 1;
			remoteGlobalIDString = 838A3724191F59FE006244FA;
			remoteInfo = Askpass;
		};
/* End PBXContainerItemProxy section */

/* Begin PBXCopyFilesBuildPhase section */
		838A3723191F59FE006244FA /* CopyFiles */ = {
			isa = PBXCopyFilesBuildPhase;
			buildActionMask = 2147483647;
			dstPath = /usr/share/man/man1/;
			dstSubfolderSpec = 0;
			files = (
			);
			runOnlyForDeploymentPostprocessing = 1;
		};
		83BCB0451921B1AA00206967 /* CopyFiles */ = {
			isa = PBXCopyFilesBuildPhase;
			buildActionMask = 2147483647;
			dstPath = "";
			dstSubfolderSpec = 10;
			files = (
				83BCB0471921B1D600206967 /* Sparkle.framework in CopyFiles */,
			);
			runOnlyForDeploymentPostprocessing = 0;
		};
/* End PBXCopyFilesBuildPhase section */

/* Begin PBXFileReference section */
		8308E12F188662BD001E0B45 /* AboutWindow.h */ = {isa = PBXFileReference; fileEncoding = 4; lastKnownFileType = sourcecode.c.h; path = AboutWindow.h; sourceTree = "<group>"; };
		8308E130188662BD001E0B45 /* AboutWindow.m */ = {isa = PBXFileReference; fileEncoding = 4; lastKnownFileType = sourcecode.c.objc; path = AboutWindow.m; sourceTree = "<group>"; };
		8308E131188662BD001E0B45 /* AboutWindow.xib */ = {isa = PBXFileReference; fileEncoding = 4; lastKnownFileType = file.xib; path = AboutWindow.xib; sourceTree = "<group>"; };
		8308E134188668A1001E0B45 /* WebKit.framework */ = {isa = PBXFileReference; lastKnownFileType = wrapper.framework; name = WebKit.framework; path = System/Library/Frameworks/WebKit.framework; sourceTree = SDKROOT; };
		8308E13E18869FAC001E0B45 /* Bookmark.h */ = {isa = PBXFileReference; fileEncoding = 4; lastKnownFileType = sourcecode.c.h; path = Bookmark.h; sourceTree = "<group>"; };
		8308E13F18869FAC001E0B45 /* Bookmark.m */ = {isa = PBXFileReference; fileEncoding = 4; lastKnownFileType = sourcecode.c.objc; path = Bookmark.m; sourceTree = "<group>"; };
		830D063B192F69190043CE3C /* MenuItemObject.h */ = {isa = PBXFileReference; fileEncoding = 4; lastKnownFileType = sourcecode.c.h; path = MenuItemObject.h; sourceTree = "<group>"; };
		830D063C192F69190043CE3C /* MenuItemObject.m */ = {isa = PBXFileReference; fileEncoding = 4; lastKnownFileType = sourcecode.c.objc; path = MenuItemObject.m; sourceTree = "<group>"; };
		83103A551982180C00B340BB /* ParallelsServiceProvider.h */ = {isa = PBXFileReference; fileEncoding = 4; lastKnownFileType = sourcecode.c.h; path = ParallelsServiceProvider.h; sourceTree = "<group>"; };
		83103A561982180C00B340BB /* ParallelsServiceProvider.m */ = {isa = PBXFileReference; fileEncoding = 4; lastKnownFileType = sourcecode.c.objc; path = ParallelsServiceProvider.m; sourceTree = "<group>"; };
		83103A5819821A9E00B340BB /* ParallelsMachineInfo.h */ = {isa = PBXFileReference; fileEncoding = 4; lastKnownFileType = sourcecode.c.h; path = ParallelsMachineInfo.h; sourceTree = "<group>"; };
		83103A5919821A9E00B340BB /* ParallelsMachineInfo.m */ = {isa = PBXFileReference; fileEncoding = 4; lastKnownFileType = sourcecode.c.objc; path = ParallelsMachineInfo.m; sourceTree = "<group>"; };
		83103A7B19824BBF00B340BB /* InstanceRowView.h */ = {isa = PBXFileReference; fileEncoding = 4; lastKnownFileType = sourcecode.c.h; path = InstanceRowView.h; sourceTree = "<group>"; };
		83103A7C19824BBF00B340BB /* InstanceRowView.m */ = {isa = PBXFileReference; fileEncoding = 4; lastKnownFileType = sourcecode.c.objc; path = InstanceRowView.m; sourceTree = "<group>"; };
		832784C918A7483900222C71 /* Security.framework */ = {isa = PBXFileReference; lastKnownFileType = wrapper.framework; name = Security.framework; path = System/Library/Frameworks/Security.framework; sourceTree = SDKROOT; };
		8339DC9E187E756B0036E162 /* TaskOutputWindow.h */ = {isa = PBXFileReference; fileEncoding = 4; lastKnownFileType = sourcecode.c.h; path = TaskOutputWindow.h; sourceTree = "<group>"; };
		8339DC9F187E756B0036E162 /* TaskOutputWindow.m */ = {isa = PBXFileReference; fileEncoding = 4; lastKnownFileType = sourcecode.c.objc; path = TaskOutputWindow.m; sourceTree = "<group>"; };
		8339DCA0187E756B0036E162 /* TaskOutputWindow.xib */ = {isa = PBXFileReference; fileEncoding = 4; lastKnownFileType = file.xib; path = TaskOutputWindow.xib; sourceTree = "<group>"; };
		8360A05618C2B37F002EA89B /* Environments.plist */ = {isa = PBXFileReference; fileEncoding = 4; lastKnownFileType = text.plist.xml; path = Environments.plist; sourceTree = "<group>"; };
		8360A05818C2B39B002EA89B /* Environment.h */ = {isa = PBXFileReference; fileEncoding = 4; lastKnownFileType = sourcecode.c.h; path = Environment.h; sourceTree = "<group>"; };
		8360A05918C2B39B002EA89B /* Environment.m */ = {isa = PBXFileReference; fileEncoding = 4; lastKnownFileType = sourcecode.c.objc; path = Environment.m; sourceTree = "<group>"; };
		8372138419272A5E0052206D /* AXStatusItemPopup.h */ = {isa = PBXFileReference; fileEncoding = 4; lastKnownFileType = sourcecode.c.h; path = AXStatusItemPopup.h; sourceTree = "<group>"; };
		8372138519272A5E0052206D /* AXStatusItemPopup.m */ = {isa = PBXFileReference; fileEncoding = 4; lastKnownFileType = sourcecode.c.objc; path = AXStatusItemPopup.m; sourceTree = "<group>"; };
		8372138719272CB00052206D /* CustomPopoverMenu.h */ = {isa = PBXFileReference; fileEncoding = 4; lastKnownFileType = sourcecode.c.h; path = CustomPopoverMenu.h; sourceTree = "<group>"; };
		8372138819272CB00052206D /* CustomPopoverMenu.m */ = {isa = PBXFileReference; fileEncoding = 4; lastKnownFileType = sourcecode.c.objc; path = CustomPopoverMenu.m; sourceTree = "<group>"; };
		8372138919272CB00052206D /* CustomPopoverMenu.xib */ = {isa = PBXFileReference; fileEncoding = 4; lastKnownFileType = file.xib; path = CustomPopoverMenu.xib; sourceTree = "<group>"; };
		8372139A192758020052206D /* close.png */ = {isa = PBXFileReference; lastKnownFileType = image.png; path = close.png; sourceTree = "<group>"; };
		837213A7192758CE0052206D /* close@2x.png */ = {isa = PBXFileReference; lastKnownFileType = image.png; path = "close@2x.png"; sourceTree = "<group>"; };
		837213BA192769020052206D /* MachineMenuItem.h */ = {isa = PBXFileReference; fileEncoding = 4; lastKnownFileType = sourcecode.c.h; name = MachineMenuItem.h; path = ../MachineMenuItem.h; sourceTree = "<group>"; };
		837213BB192769020052206D /* MachineMenuItem.m */ = {isa = PBXFileReference; fileEncoding = 4; lastKnownFileType = sourcecode.c.objc; name = MachineMenuItem.m; path = ../MachineMenuItem.m; sourceTree = "<group>"; };
		838A36F6191F53D8006244FA /* Askpass.m */ = {isa = PBXFileReference; fileEncoding = 4; lastKnownFileType = sourcecode.c.objc; name = Askpass.m; path = "../Vagrant Manager/Askpass.m"; sourceTree = "<group>"; };
		838A36F7191F53D8006244FA /* PasswordHelper.h */ = {isa = PBXFileReference; fileEncoding = 4; lastKnownFileType = sourcecode.c.h; name = PasswordHelper.h; path = "../Vagrant Manager/PasswordHelper.h"; sourceTree = "<group>"; };
		838A36F8191F53D8006244FA /* PasswordHelper.m */ = {isa = PBXFileReference; fileEncoding = 4; lastKnownFileType = sourcecode.c.objc; name = PasswordHelper.m; path = "../Vagrant Manager/PasswordHelper.m"; sourceTree = "<group>"; };
		838A3701191F5798006244FA /* Foundation.framework */ = {isa = PBXFileReference; lastKnownFileType = wrapper.framework; name = Foundation.framework; path = System/Library/Frameworks/Foundation.framework; sourceTree = SDKROOT; };
		838A3725191F59FE006244FA /* Askpass */ = {isa = PBXFileReference; explicitFileType = "compiled.mach-o.executable"; includeInIndex = 0; path = Askpass; sourceTree = BUILT_PRODUCTS_DIR; };
		838A372B191F59FE006244FA /* Askpass-Prefix.pch */ = {isa = PBXFileReference; lastKnownFileType = sourcecode.c.h; path = "Askpass-Prefix.pch"; sourceTree = "<group>"; };
		838B393D18CC85BC00A04C15 /* vagrant_logo_on-flat.png */ = {isa = PBXFileReference; lastKnownFileType = image.png; path = "vagrant_logo_on-flat.png"; sourceTree = "<group>"; };
		83BCB0431921B02600206967 /* Sparkle.framework */ = {isa = PBXFileReference; lastKnownFileType = wrapper.framework; path = Sparkle.framework; sourceTree = "<group>"; };
		83BCB0481921B6BF00206967 /* dsa_pub.pem */ = {isa = PBXFileReference; fileEncoding = 4; lastKnownFileType = text; path = dsa_pub.pem; sourceTree = "<group>"; };
		83C4CDA21A05FA0400611DCC /* vagrant_logo_off-clean.png */ = {isa = PBXFileReference; lastKnownFileType = image.png; path = "vagrant_logo_off-clean.png"; sourceTree = "<group>"; };
		83C4CDA31A05FA0400611DCC /* vagrant_logo_off-clean@2x.png */ = {isa = PBXFileReference; lastKnownFileType = image.png; path = "vagrant_logo_off-clean@2x.png"; sourceTree = "<group>"; };
		83C4CDA41A05FA0400611DCC /* vagrant_logo_off-flat.png */ = {isa = PBXFileReference; lastKnownFileType = image.png; path = "vagrant_logo_off-flat.png"; sourceTree = "<group>"; };
		83C4CDA51A05FA0400611DCC /* vagrant_logo_off-flat@2x.png */ = {isa = PBXFileReference; lastKnownFileType = image.png; path = "vagrant_logo_off-flat@2x.png"; sourceTree = "<group>"; };
		83C7C81B1945825B007AC491 /* CLIColor.h */ = {isa = PBXFileReference; fileEncoding = 4; lastKnownFileType = sourcecode.c.h; path = CLIColor.h; sourceTree = "<group>"; };
		83C7C81C1945825B007AC491 /* CLIColor.m */ = {isa = PBXFileReference; fileEncoding = 4; lastKnownFileType = sourcecode.c.objc; path = CLIColor.m; sourceTree = "<group>"; };
		83C7C81D1945825B007AC491 /* DDAbstractDatabaseLogger.h */ = {isa = PBXFileReference; fileEncoding = 4; lastKnownFileType = sourcecode.c.h; path = DDAbstractDatabaseLogger.h; sourceTree = "<group>"; };
		83C7C81E1945825B007AC491 /* DDAbstractDatabaseLogger.m */ = {isa = PBXFileReference; fileEncoding = 4; lastKnownFileType = sourcecode.c.objc; path = DDAbstractDatabaseLogger.m; sourceTree = "<group>"; };
		83C7C81F1945825B007AC491 /* DDASLLogCapture.h */ = {isa = PBXFileReference; fileEncoding = 4; lastKnownFileType = sourcecode.c.h; path = DDASLLogCapture.h; sourceTree = "<group>"; };
		83C7C8201945825B007AC491 /* DDASLLogCapture.m */ = {isa = PBXFileReference; fileEncoding = 4; lastKnownFileType = sourcecode.c.objc; path = DDASLLogCapture.m; sourceTree = "<group>"; };
		83C7C8211945825B007AC491 /* DDASLLogger.h */ = {isa = PBXFileReference; fileEncoding = 4; lastKnownFileType = sourcecode.c.h; path = DDASLLogger.h; sourceTree = "<group>"; };
		83C7C8221945825B007AC491 /* DDASLLogger.m */ = {isa = PBXFileReference; fileEncoding = 4; lastKnownFileType = sourcecode.c.objc; path = DDASLLogger.m; sourceTree = "<group>"; };
		83C7C8231945825B007AC491 /* DDFileLogger.h */ = {isa = PBXFileReference; fileEncoding = 4; lastKnownFileType = sourcecode.c.h; path = DDFileLogger.h; sourceTree = "<group>"; };
		83C7C8241945825B007AC491 /* DDFileLogger.m */ = {isa = PBXFileReference; fileEncoding = 4; lastKnownFileType = sourcecode.c.objc; path = DDFileLogger.m; sourceTree = "<group>"; };
		83C7C8251945825B007AC491 /* DDLog+LOGV.h */ = {isa = PBXFileReference; fileEncoding = 4; lastKnownFileType = sourcecode.c.h; path = "DDLog+LOGV.h"; sourceTree = "<group>"; };
		83C7C8261945825B007AC491 /* DDLog.h */ = {isa = PBXFileReference; fileEncoding = 4; lastKnownFileType = sourcecode.c.h; path = DDLog.h; sourceTree = "<group>"; };
		83C7C8271945825B007AC491 /* DDLog.m */ = {isa = PBXFileReference; fileEncoding = 4; lastKnownFileType = sourcecode.c.objc; path = DDLog.m; sourceTree = "<group>"; };
		83C7C8281945825B007AC491 /* DDTTYLogger.h */ = {isa = PBXFileReference; fileEncoding = 4; lastKnownFileType = sourcecode.c.h; path = DDTTYLogger.h; sourceTree = "<group>"; };
		83C7C8291945825B007AC491 /* DDTTYLogger.m */ = {isa = PBXFileReference; fileEncoding = 4; lastKnownFileType = sourcecode.c.objc; path = DDTTYLogger.m; sourceTree = "<group>"; };
		83C7C82B1945825B007AC491 /* DDContextFilterLogFormatter.h */ = {isa = PBXFileReference; fileEncoding = 4; lastKnownFileType = sourcecode.c.h; path = DDContextFilterLogFormatter.h; sourceTree = "<group>"; };
		83C7C82C1945825B007AC491 /* DDContextFilterLogFormatter.m */ = {isa = PBXFileReference; fileEncoding = 4; lastKnownFileType = sourcecode.c.objc; path = DDContextFilterLogFormatter.m; sourceTree = "<group>"; };
		83C7C82D1945825B007AC491 /* DDDispatchQueueLogFormatter.h */ = {isa = PBXFileReference; fileEncoding = 4; lastKnownFileType = sourcecode.c.h; path = DDDispatchQueueLogFormatter.h; sourceTree = "<group>"; };
		83C7C82E1945825B007AC491 /* DDDispatchQueueLogFormatter.m */ = {isa = PBXFileReference; fileEncoding = 4; lastKnownFileType = sourcecode.c.objc; path = DDDispatchQueueLogFormatter.m; sourceTree = "<group>"; };
		83C7C82F1945825B007AC491 /* DDMultiFormatter.h */ = {isa = PBXFileReference; fileEncoding = 4; lastKnownFileType = sourcecode.c.h; path = DDMultiFormatter.h; sourceTree = "<group>"; };
		83C7C8301945825B007AC491 /* DDMultiFormatter.m */ = {isa = PBXFileReference; fileEncoding = 4; lastKnownFileType = sourcecode.c.objc; path = DDMultiFormatter.m; sourceTree = "<group>"; };
		83C7C8311945825B007AC491 /* README.txt */ = {isa = PBXFileReference; fileEncoding = 4; lastKnownFileType = text; path = README.txt; sourceTree = "<group>"; };
		83D5D6E019DEAC230098B8F6 /* PopupView.h */ = {isa = PBXFileReference; fileEncoding = 4; lastKnownFileType = sourcecode.c.h; path = PopupView.h; sourceTree = "<group>"; };
		83D5D6E119DEAC230098B8F6 /* PopupView.m */ = {isa = PBXFileReference; fileEncoding = 4; lastKnownFileType = sourcecode.c.objc; path = PopupView.m; sourceTree = "<group>"; };
		83D5D6E519DEBBE10098B8F6 /* appicon_128.png */ = {isa = PBXFileReference; lastKnownFileType = image.png; name = appicon_128.png; path = Images.xcassets/AppIcon.appiconset/appicon_128.png; sourceTree = "<group>"; };
		83D5D6EB19DEBE580098B8F6 /* refresh.png */ = {isa = PBXFileReference; lastKnownFileType = image.png; path = refresh.png; sourceTree = "<group>"; };
		83D5D6EC19DEBE580098B8F6 /* refresh@2x.png */ = {isa = PBXFileReference; lastKnownFileType = image.png; path = "refresh@2x.png"; sourceTree = "<group>"; };
		83DB672F192885090008CB57 /* AXTextView.h */ = {isa = PBXFileReference; fileEncoding = 4; lastKnownFileType = sourcecode.c.h; path = AXTextView.h; sourceTree = "<group>"; };
		83DB6730192885090008CB57 /* AXTextView.m */ = {isa = PBXFileReference; fileEncoding = 4; lastKnownFileType = sourcecode.c.objc; path = AXTextView.m; sourceTree = "<group>"; };
		83DB673519288DD90008CB57 /* VagrantInstance.h */ = {isa = PBXFileReference; fileEncoding = 4; lastKnownFileType = sourcecode.c.h; path = VagrantInstance.h; sourceTree = "<group>"; };
		83DB673619288DD90008CB57 /* VagrantInstance.m */ = {isa = PBXFileReference; fileEncoding = 4; lastKnownFileType = sourcecode.c.objc; path = VagrantInstance.m; sourceTree = "<group>"; };
		83DB67381928AC0C0008CB57 /* VagrantMachine.h */ = {isa = PBXFileReference; fileEncoding = 4; lastKnownFileType = sourcecode.c.h; path = VagrantMachine.h; sourceTree = "<group>"; };
		83DB67391928AC0C0008CB57 /* VagrantMachine.m */ = {isa = PBXFileReference; fileEncoding = 4; lastKnownFileType = sourcecode.c.objc; path = VagrantMachine.m; sourceTree = "<group>"; };
		83DB673B1928B3510008CB57 /* VagrantManager.h */ = {isa = PBXFileReference; fileEncoding = 4; lastKnownFileType = sourcecode.c.h; path = VagrantManager.h; sourceTree = "<group>"; };
		83DB673C1928B3510008CB57 /* VagrantManager.m */ = {isa = PBXFileReference; fileEncoding = 4; lastKnownFileType = sourcecode.c.objc; path = VagrantManager.m; sourceTree = "<group>"; };
		83E7CAB21928C2E9001C86F6 /* VirtualMachineInfo.h */ = {isa = PBXFileReference; fileEncoding = 4; lastKnownFileType = sourcecode.c.h; path = VirtualMachineInfo.h; sourceTree = "<group>"; };
		83E7CAB31928C2E9001C86F6 /* VirtualMachineInfo.m */ = {isa = PBXFileReference; fileEncoding = 4; lastKnownFileType = sourcecode.c.objc; path = VirtualMachineInfo.m; sourceTree = "<group>"; };
		83E7CAB81928EFF6001C86F6 /* InstanceMenuItem.h */ = {isa = PBXFileReference; fileEncoding = 4; lastKnownFileType = sourcecode.c.h; path = InstanceMenuItem.h; sourceTree = "<group>"; };
		83E7CAB91928EFF6001C86F6 /* InstanceMenuItem.m */ = {isa = PBXFileReference; fileEncoding = 4; lastKnownFileType = sourcecode.c.objc; path = InstanceMenuItem.m; sourceTree = "<group>"; };
		83E7CAC019290A89001C86F6 /* arrow-down.png */ = {isa = PBXFileReference; lastKnownFileType = image.png; path = "arrow-down.png"; sourceTree = "<group>"; };
		83E7CAC119290A89001C86F6 /* arrow-down@2x.png */ = {isa = PBXFileReference; lastKnownFileType = image.png; path = "arrow-down@2x.png"; sourceTree = "<group>"; };
		83E7CAC41929F135001C86F6 /* arrow-up@2x.png */ = {isa = PBXFileReference; lastKnownFileType = image.png; path = "arrow-up@2x.png"; sourceTree = "<group>"; };
		83E7CAC51929F135001C86F6 /* arrow-up.png */ = {isa = PBXFileReference; lastKnownFileType = image.png; path = "arrow-up.png"; sourceTree = "<group>"; };
		83EAC43918D067C900FF26A1 /* vagrant_logo_on-clean.png */ = {isa = PBXFileReference; lastKnownFileType = image.png; path = "vagrant_logo_on-clean.png"; sourceTree = "<group>"; };
		83F1696D1923789900C54F13 /* VersionComparison.h */ = {isa = PBXFileReference; fileEncoding = 4; lastKnownFileType = sourcecode.c.h; path = VersionComparison.h; sourceTree = "<group>"; };
		83F1696E1923789900C54F13 /* VersionComparison.m */ = {isa = PBXFileReference; fileEncoding = 4; lastKnownFileType = sourcecode.c.objc; path = VersionComparison.m; sourceTree = "<group>"; };
		83F5BBB01983A39100ACE853 /* TextMenuItem.h */ = {isa = PBXFileReference; fileEncoding = 4; lastKnownFileType = sourcecode.c.h; path = TextMenuItem.h; sourceTree = "<group>"; };
		83F5BBB11983A39100ACE853 /* TextMenuItem.m */ = {isa = PBXFileReference; fileEncoding = 4; lastKnownFileType = sourcecode.c.objc; path = TextMenuItem.m; sourceTree = "<group>"; };
		83F5BBBF1983D85C00ACE853 /* Base */ = {isa = PBXFileReference; lastKnownFileType = file.xib; name = Base; path = Base.lproj/MainMenu.xib; sourceTree = "<group>"; };
		83FD3537198263D4002EEA2D /* MachineRowView.h */ = {isa = PBXFileReference; fileEncoding = 4; lastKnownFileType = sourcecode.c.h; path = MachineRowView.h; sourceTree = "<group>"; };
		83FD3538198263D4002EEA2D /* MachineRowView.m */ = {isa = PBXFileReference; fileEncoding = 4; lastKnownFileType = sourcecode.c.objc; path = MachineRowView.m; sourceTree = "<group>"; };
		83FD353A19826945002EEA2D /* ManageBookmarksWindow.h */ = {isa = PBXFileReference; fileEncoding = 4; lastKnownFileType = sourcecode.c.h; path = ManageBookmarksWindow.h; sourceTree = "<group>"; };
		83FD353B19826945002EEA2D /* ManageBookmarksWindow.m */ = {isa = PBXFileReference; fileEncoding = 4; lastKnownFileType = sourcecode.c.objc; path = ManageBookmarksWindow.m; sourceTree = "<group>"; };
		83FD353C19826945002EEA2D /* ManageBookmarksWindow.xib */ = {isa = PBXFileReference; fileEncoding = 4; lastKnownFileType = file.xib; path = ManageBookmarksWindow.xib; sourceTree = "<group>"; };
		83FD353F19826C80002EEA2D /* bookmark.png */ = {isa = PBXFileReference; lastKnownFileType = image.png; path = bookmark.png; sourceTree = "<group>"; };
		83FD354019826C80002EEA2D /* bookmark@2x.png */ = {isa = PBXFileReference; lastKnownFileType = image.png; path = "bookmark@2x.png"; sourceTree = "<group>"; };
		83FD354319826DDC002EEA2D /* NFSScanner.h */ = {isa = PBXFileReference; fileEncoding = 4; lastKnownFileType = sourcecode.c.h; path = NFSScanner.h; sourceTree = "<group>"; };
		83FD354419826DDC002EEA2D /* NFSScanner.m */ = {isa = PBXFileReference; fileEncoding = 4; lastKnownFileType = sourcecode.c.objc; path = NFSScanner.m; sourceTree = "<group>"; };
		83FD354619827545002EEA2D /* BookmarkManager.h */ = {isa = PBXFileReference; fileEncoding = 4; lastKnownFileType = sourcecode.c.h; path = BookmarkManager.h; sourceTree = "<group>"; };
		83FD354719827545002EEA2D /* BookmarkManager.m */ = {isa = PBXFileReference; fileEncoding = 4; lastKnownFileType = sourcecode.c.objc; path = BookmarkManager.m; sourceTree = "<group>"; };
		83FD355119828164002EEA2D /* arrow_down.png */ = {isa = PBXFileReference; lastKnownFileType = image.png; path = arrow_down.png; sourceTree = "<group>"; };
		83FD355219828164002EEA2D /* arrow_down@2x.png */ = {isa = PBXFileReference; lastKnownFileType = image.png; path = "arrow_down@2x.png"; sourceTree = "<group>"; };
		83FD355319828164002EEA2D /* arrow_right.png */ = {isa = PBXFileReference; lastKnownFileType = image.png; path = arrow_right.png; sourceTree = "<group>"; };
		83FD355419828164002EEA2D /* arrow_right@2x.png */ = {isa = PBXFileReference; lastKnownFileType = image.png; path = "arrow_right@2x.png"; sourceTree = "<group>"; };
		B12661161A00A650009B1635 /* NativeMenu.h */ = {isa = PBXFileReference; fileEncoding = 4; lastKnownFileType = sourcecode.c.h; path = NativeMenu.h; sourceTree = "<group>"; };
		B12661171A00A650009B1635 /* NativeMenu.m */ = {isa = PBXFileReference; fileEncoding = 4; lastKnownFileType = sourcecode.c.objc; path = NativeMenu.m; sourceTree = "<group>"; };
		B12661191A00AF29009B1635 /* MenuDelegate.h */ = {isa = PBXFileReference; fileEncoding = 4; lastKnownFileType = sourcecode.c.h; path = MenuDelegate.h; sourceTree = "<group>"; };
		B1357A6D187CEB3B00811CBC /* Vagrant Manager.app */ = {isa = PBXFileReference; explicitFileType = wrapper.application; includeInIndex = 0; path = "Vagrant Manager.app"; sourceTree = BUILT_PRODUCTS_DIR; };
		B1357A70187CEB3B00811CBC /* Cocoa.framework */ = {isa = PBXFileReference; lastKnownFileType = wrapper.framework; name = Cocoa.framework; path = System/Library/Frameworks/Cocoa.framework; sourceTree = SDKROOT; };
		B1357A73187CEB3B00811CBC /* AppKit.framework */ = {isa = PBXFileReference; lastKnownFileType = wrapper.framework; name = AppKit.framework; path = System/Library/Frameworks/AppKit.framework; sourceTree = SDKROOT; };
		B1357A74187CEB3B00811CBC /* CoreData.framework */ = {isa = PBXFileReference; lastKnownFileType = wrapper.framework; name = CoreData.framework; path = System/Library/Frameworks/CoreData.framework; sourceTree = SDKROOT; };
		B1357A78187CEB3B00811CBC /* Vagrant Manager-Info.plist */ = {isa = PBXFileReference; lastKnownFileType = text.plist.xml; path = "Vagrant Manager-Info.plist"; sourceTree = "<group>"; };
		B1357A7A187CEB3B00811CBC /* en */ = {isa = PBXFileReference; lastKnownFileType = text.plist.strings; name = en; path = en.lproj/InfoPlist.strings; sourceTree = "<group>"; };
		B1357A7C187CEB3B00811CBC /* main.m */ = {isa = PBXFileReference; lastKnownFileType = sourcecode.c.objc; path = main.m; sourceTree = "<group>"; };
		B1357A7E187CEB3B00811CBC /* Vagrant Manager-Prefix.pch */ = {isa = PBXFileReference; lastKnownFileType = sourcecode.c.h; path = "Vagrant Manager-Prefix.pch"; sourceTree = "<group>"; };
		B1357A82187CEB3B00811CBC /* AppDelegate.h */ = {isa = PBXFileReference; lastKnownFileType = sourcecode.c.h; path = AppDelegate.h; sourceTree = "<group>"; };
		B1357A83187CEB3B00811CBC /* AppDelegate.m */ = {isa = PBXFileReference; lastKnownFileType = sourcecode.c.objc; path = AppDelegate.m; sourceTree = "<group>"; };
		B1357A88187CEB3B00811CBC /* Images.xcassets */ = {isa = PBXFileReference; lastKnownFileType = folder.assetcatalog; path = Images.xcassets; sourceTree = "<group>"; };
		B13DC35919232782002E5A50 /* VirtualBoxServiceProvider.h */ = {isa = PBXFileReference; fileEncoding = 4; lastKnownFileType = sourcecode.c.h; path = VirtualBoxServiceProvider.h; sourceTree = "<group>"; };
		B13DC35A19232782002E5A50 /* VirtualBoxServiceProvider.m */ = {isa = PBXFileReference; fileEncoding = 4; lastKnownFileType = sourcecode.c.objc; path = VirtualBoxServiceProvider.m; sourceTree = "<group>"; };
		B13DC35E19233051002E5A50 /* VirtualBoxMachineInfo.h */ = {isa = PBXFileReference; fileEncoding = 4; lastKnownFileType = sourcecode.c.h; path = VirtualBoxMachineInfo.h; sourceTree = "<group>"; };
		B13DC35F19233051002E5A50 /* VirtualBoxMachineInfo.m */ = {isa = PBXFileReference; fileEncoding = 4; lastKnownFileType = sourcecode.c.objc; path = VirtualBoxMachineInfo.m; sourceTree = "<group>"; };
		B150011F19249645000A76E7 /* vagrant_logo_on-clean@2x.png */ = {isa = PBXFileReference; lastKnownFileType = image.png; path = "vagrant_logo_on-clean@2x.png"; sourceTree = "<group>"; };
		B150012919249B19000A76E7 /* status_icon_problem@2x.png */ = {isa = PBXFileReference; lastKnownFileType = image.png; path = "status_icon_problem@2x.png"; sourceTree = "<group>"; };
		B150012D19249CA2000A76E7 /* vagrant_logo_on-flat@2x.png */ = {isa = PBXFileReference; lastKnownFileType = image.png; path = "vagrant_logo_on-flat@2x.png"; sourceTree = "<group>"; };
		B150013119249FFD000A76E7 /* status_icon_off@2x.png */ = {isa = PBXFileReference; lastKnownFileType = image.png; path = "status_icon_off@2x.png"; sourceTree = "<group>"; };
		B150013219249FFD000A76E7 /* status_icon_on@2x.png */ = {isa = PBXFileReference; lastKnownFileType = image.png; path = "status_icon_on@2x.png"; sourceTree = "<group>"; };
		B15001351924A02C000A76E7 /* status_icon_suspended@2x.png */ = {isa = PBXFileReference; lastKnownFileType = image.png; path = "status_icon_suspended@2x.png"; sourceTree = "<group>"; };
		B1761B3B1A00C0140056582F /* NativeMenuItem.h */ = {isa = PBXFileReference; fileEncoding = 4; lastKnownFileType = sourcecode.c.h; path = NativeMenuItem.h; sourceTree = "<group>"; };
		B1761B3C1A00C0140056582F /* NativeMenuItem.m */ = {isa = PBXFileReference; fileEncoding = 4; lastKnownFileType = sourcecode.c.objc; path = NativeMenuItem.m; sourceTree = "<group>"; };
		B17AA1891887A75300B4C274 /* Util.h */ = {isa = PBXFileReference; fileEncoding = 4; lastKnownFileType = sourcecode.c.h; path = Util.h; sourceTree = "<group>"; };
		B17AA18A1887A75300B4C274 /* Util.m */ = {isa = PBXFileReference; fileEncoding = 4; lastKnownFileType = sourcecode.c.objc; path = Util.m; sourceTree = "<group>"; };
		B17AA18C1887CA4600B4C274 /* PreferencesWindow.h */ = {isa = PBXFileReference; fileEncoding = 4; lastKnownFileType = sourcecode.c.h; path = PreferencesWindow.h; sourceTree = "<group>"; };
		B17AA18D1887CA4600B4C274 /* PreferencesWindow.m */ = {isa = PBXFileReference; fileEncoding = 4; lastKnownFileType = sourcecode.c.objc; path = PreferencesWindow.m; sourceTree = "<group>"; };
		B17AA18E1887CA4600B4C274 /* PreferencesWindow.xib */ = {isa = PBXFileReference; fileEncoding = 4; lastKnownFileType = file.xib; path = PreferencesWindow.xib; sourceTree = "<group>"; };
		B17AA1931887DA5800B4C274 /* status_icon_problem.png */ = {isa = PBXFileReference; lastKnownFileType = image.png; path = status_icon_problem.png; sourceTree = "<group>"; };
		B17AA1971887DB8C00B4C274 /* status_icon_off.png */ = {isa = PBXFileReference; lastKnownFileType = image.png; path = status_icon_off.png; sourceTree = "<group>"; };
		B17AA1981887DB8C00B4C274 /* status_icon_on.png */ = {isa = PBXFileReference; lastKnownFileType = image.png; path = status_icon_on.png; sourceTree = "<group>"; };
		B1A5DE7D192354E900AF0CA5 /* VirtualMachineServiceProvider.h */ = {isa = PBXFileReference; lastKnownFileType = sourcecode.c.h; path = VirtualMachineServiceProvider.h; sourceTree = "<group>"; };
		B1FAFC781920B62D009F0F86 /* status_icon_suspended.png */ = {isa = PBXFileReference; lastKnownFileType = image.png; path = status_icon_suspended.png; sourceTree = "<group>"; };
/* End PBXFileReference section */

/* Begin PBXFrameworksBuildPhase section */
		838A3722191F59FE006244FA /* Frameworks */ = {
			isa = PBXFrameworksBuildPhase;
			buildActionMask = 2147483647;
			files = (
				838A3733191F5A8B006244FA /* Security.framework in Frameworks */,
				838A3726191F59FE006244FA /* Foundation.framework in Frameworks */,
			);
			runOnlyForDeploymentPostprocessing = 0;
		};
		B1357A6A187CEB3B00811CBC /* Frameworks */ = {
			isa = PBXFrameworksBuildPhase;
			buildActionMask = 2147483647;
			files = (
				838A36FB191F56E4006244FA /* Security.framework in Frameworks */,
				8308E135188668A1001E0B45 /* WebKit.framework in Frameworks */,
				B1357A71187CEB3B00811CBC /* Cocoa.framework in Frameworks */,
				83BCB0441921B02600206967 /* Sparkle.framework in Frameworks */,
			);
			runOnlyForDeploymentPostprocessing = 0;
		};
/* End PBXFrameworksBuildPhase section */

/* Begin PBXGroup section */
		8372138319272A5E0052206D /* AXStatusItemPopup */ = {
			isa = PBXGroup;
			children = (
				8372138419272A5E0052206D /* AXStatusItemPopup.h */,
				8372138519272A5E0052206D /* AXStatusItemPopup.m */,
				83DB672F192885090008CB57 /* AXTextView.h */,
				83DB6730192885090008CB57 /* AXTextView.m */,
			);
			path = AXStatusItemPopup;
			sourceTree = "<group>";
		};
		83721396192757EA0052206D /* Icons */ = {
			isa = PBXGroup;
			children = (
				83D5D6EB19DEBE580098B8F6 /* refresh.png */,
				83D5D6EC19DEBE580098B8F6 /* refresh@2x.png */,
				83E7CAC41929F135001C86F6 /* arrow-up@2x.png */,
				83E7CAC51929F135001C86F6 /* arrow-up.png */,
				83E7CAC019290A89001C86F6 /* arrow-down.png */,
				83E7CAC119290A89001C86F6 /* arrow-down@2x.png */,
				83FD353F19826C80002EEA2D /* bookmark.png */,
				83FD355119828164002EEA2D /* arrow_down.png */,
				83FD355219828164002EEA2D /* arrow_down@2x.png */,
				83FD355319828164002EEA2D /* arrow_right.png */,
				83FD355419828164002EEA2D /* arrow_right@2x.png */,
				83FD354019826C80002EEA2D /* bookmark@2x.png */,
				8372139A192758020052206D /* close.png */,
				837213A7192758CE0052206D /* close@2x.png */,
			);
			name = Icons;
			sourceTree = "<group>";
		};
		838A111718839D6900A5E6DB /* Images */ = {
			isa = PBXGroup;
			children = (
				83F5BBB71983B99600ACE853 /* Status Icons */,
				83F5BBB61983B98800ACE853 /* Themed Logos */,
				83721396192757EA0052206D /* Icons */,
			);
			name = Images;
			sourceTree = "<group>";
		};
		838A111818839D8200A5E6DB /* App */ = {
			isa = PBXGroup;
			children = (
				83F5BBB81983B9BB00ACE853 /* Menu */,
				83F5BBBE1983D85C00ACE853 /* MainMenu.xib */,
				B1357A82187CEB3B00811CBC /* AppDelegate.h */,
				B1357A83187CEB3B00811CBC /* AppDelegate.m */,
			);
			name = App;
			sourceTree = "<group>";
		};
		838A111918839D8E00A5E6DB /* Windows */ = {
			isa = PBXGroup;
			children = (
				83FD353A19826945002EEA2D /* ManageBookmarksWindow.h */,
				83FD353B19826945002EEA2D /* ManageBookmarksWindow.m */,
				83FD353C19826945002EEA2D /* ManageBookmarksWindow.xib */,
				8339DC9E187E756B0036E162 /* TaskOutputWindow.h */,
				8339DC9F187E756B0036E162 /* TaskOutputWindow.m */,
				8339DCA0187E756B0036E162 /* TaskOutputWindow.xib */,
				8308E12F188662BD001E0B45 /* AboutWindow.h */,
				8308E130188662BD001E0B45 /* AboutWindow.m */,
				8308E131188662BD001E0B45 /* AboutWindow.xib */,
				B17AA18C1887CA4600B4C274 /* PreferencesWindow.h */,
				B17AA18D1887CA4600B4C274 /* PreferencesWindow.m */,
				B17AA18E1887CA4600B4C274 /* PreferencesWindow.xib */,
			);
			name = Windows;
			sourceTree = "<group>";
		};
		838A111A18839E1100A5E6DB /* Bookmarks */ = {
			isa = PBXGroup;
			children = (
				8308E13E18869FAC001E0B45 /* Bookmark.h */,
				8308E13F18869FAC001E0B45 /* Bookmark.m */,
				83FD354619827545002EEA2D /* BookmarkManager.h */,
				83FD354719827545002EEA2D /* BookmarkManager.m */,
			);
			name = Bookmarks;
			sourceTree = "<group>";
		};
		838A3727191F59FE006244FA /* Askpass */ = {
			isa = PBXGroup;
			children = (
				838A372A191F59FE006244FA /* Supporting Files */,
			);
			path = Askpass;
			sourceTree = "<group>";
		};
		838A372A191F59FE006244FA /* Supporting Files */ = {
			isa = PBXGroup;
			children = (
				838A36F6191F53D8006244FA /* Askpass.m */,
				838A36F7191F53D8006244FA /* PasswordHelper.h */,
				838A36F8191F53D8006244FA /* PasswordHelper.m */,
				838A372B191F59FE006244FA /* Askpass-Prefix.pch */,
			);
			name = "Supporting Files";
			sourceTree = "<group>";
		};
		83C7C8191945825B007AC491 /* Lumberjack */ = {
			isa = PBXGroup;
			children = (
				83C7C81A1945825B007AC491 /* CLI */,
				83C7C81D1945825B007AC491 /* DDAbstractDatabaseLogger.h */,
				83C7C81E1945825B007AC491 /* DDAbstractDatabaseLogger.m */,
				83C7C81F1945825B007AC491 /* DDASLLogCapture.h */,
				83C7C8201945825B007AC491 /* DDASLLogCapture.m */,
				83C7C8211945825B007AC491 /* DDASLLogger.h */,
				83C7C8221945825B007AC491 /* DDASLLogger.m */,
				83C7C8231945825B007AC491 /* DDFileLogger.h */,
				83C7C8241945825B007AC491 /* DDFileLogger.m */,
				83C7C8251945825B007AC491 /* DDLog+LOGV.h */,
				83C7C8261945825B007AC491 /* DDLog.h */,
				83C7C8271945825B007AC491 /* DDLog.m */,
				83C7C8281945825B007AC491 /* DDTTYLogger.h */,
				83C7C8291945825B007AC491 /* DDTTYLogger.m */,
				83C7C82A1945825B007AC491 /* Extensions */,
			);
			path = Lumberjack;
			sourceTree = "<group>";
		};
		83C7C81A1945825B007AC491 /* CLI */ = {
			isa = PBXGroup;
			children = (
				83C7C81B1945825B007AC491 /* CLIColor.h */,
				83C7C81C1945825B007AC491 /* CLIColor.m */,
			);
			path = CLI;
			sourceTree = "<group>";
		};
		83C7C82A1945825B007AC491 /* Extensions */ = {
			isa = PBXGroup;
			children = (
				83C7C82B1945825B007AC491 /* DDContextFilterLogFormatter.h */,
				83C7C82C1945825B007AC491 /* DDContextFilterLogFormatter.m */,
				83C7C82D1945825B007AC491 /* DDDispatchQueueLogFormatter.h */,
				83C7C82E1945825B007AC491 /* DDDispatchQueueLogFormatter.m */,
				83C7C82F1945825B007AC491 /* DDMultiFormatter.h */,
				83C7C8301945825B007AC491 /* DDMultiFormatter.m */,
				83C7C8311945825B007AC491 /* README.txt */,
			);
			path = Extensions;
			sourceTree = "<group>";
		};
		83F5BBB31983B8F200ACE853 /* Core */ = {
			isa = PBXGroup;
			children = (
				83F5BBB41983B8FB00ACE853 /* Vagrant Manager */,
				83F5BBB51983B90800ACE853 /* Providers */,
				838A111A18839E1100A5E6DB /* Bookmarks */,
			);
			name = Core;
			sourceTree = "<group>";
		};
		83F5BBB41983B8FB00ACE853 /* Vagrant Manager */ = {
			isa = PBXGroup;
			children = (
				83DB673B1928B3510008CB57 /* VagrantManager.h */,
				83DB673C1928B3510008CB57 /* VagrantManager.m */,
				83DB673519288DD90008CB57 /* VagrantInstance.h */,
				83DB673619288DD90008CB57 /* VagrantInstance.m */,
				83DB67381928AC0C0008CB57 /* VagrantMachine.h */,
				83DB67391928AC0C0008CB57 /* VagrantMachine.m */,
				B1A5DE7D192354E900AF0CA5 /* VirtualMachineServiceProvider.h */,
				83E7CAB21928C2E9001C86F6 /* VirtualMachineInfo.h */,
				83E7CAB31928C2E9001C86F6 /* VirtualMachineInfo.m */,
				83FD354319826DDC002EEA2D /* NFSScanner.h */,
				83FD354419826DDC002EEA2D /* NFSScanner.m */,
			);
			name = "Vagrant Manager";
			sourceTree = "<group>";
		};
		83F5BBB51983B90800ACE853 /* Providers */ = {
			isa = PBXGroup;
			children = (
				B13DC35919232782002E5A50 /* VirtualBoxServiceProvider.h */,
				B13DC35A19232782002E5A50 /* VirtualBoxServiceProvider.m */,
				B13DC35E19233051002E5A50 /* VirtualBoxMachineInfo.h */,
				B13DC35F19233051002E5A50 /* VirtualBoxMachineInfo.m */,
				83103A551982180C00B340BB /* ParallelsServiceProvider.h */,
				83103A561982180C00B340BB /* ParallelsServiceProvider.m */,
				83103A5819821A9E00B340BB /* ParallelsMachineInfo.h */,
				83103A5919821A9E00B340BB /* ParallelsMachineInfo.m */,
			);
			name = Providers;
			sourceTree = "<group>";
		};
		83F5BBB61983B98800ACE853 /* Themed Logos */ = {
			isa = PBXGroup;
			children = (
				83C4CDA21A05FA0400611DCC /* vagrant_logo_off-clean.png */,
				83C4CDA31A05FA0400611DCC /* vagrant_logo_off-clean@2x.png */,
				83EAC43918D067C900FF26A1 /* vagrant_logo_on-clean.png */,
				B150011F19249645000A76E7 /* vagrant_logo_on-clean@2x.png */,
				83C4CDA41A05FA0400611DCC /* vagrant_logo_off-flat.png */,
				83C4CDA51A05FA0400611DCC /* vagrant_logo_off-flat@2x.png */,
				838B393D18CC85BC00A04C15 /* vagrant_logo_on-flat.png */,
				B150012D19249CA2000A76E7 /* vagrant_logo_on-flat@2x.png */,
			);
			name = "Themed Logos";
			sourceTree = "<group>";
		};
		83F5BBB71983B99600ACE853 /* Status Icons */ = {
			isa = PBXGroup;
			children = (
				B150013119249FFD000A76E7 /* status_icon_off@2x.png */,
				B17AA1971887DB8C00B4C274 /* status_icon_off.png */,
				B15001351924A02C000A76E7 /* status_icon_suspended@2x.png */,
				B1FAFC781920B62D009F0F86 /* status_icon_suspended.png */,
				B150013219249FFD000A76E7 /* status_icon_on@2x.png */,
				B17AA1981887DB8C00B4C274 /* status_icon_on.png */,
				B150012919249B19000A76E7 /* status_icon_problem@2x.png */,
				B17AA1931887DA5800B4C274 /* status_icon_problem.png */,
			);
			name = "Status Icons";
			sourceTree = "<group>";
		};
		83F5BBB81983B9BB00ACE853 /* Menu */ = {
			isa = PBXGroup;
			children = (
				B1761B3A1A00BE580056582F /* Native */,
				B1761B391A00BE4F0056582F /* Custom */,
				B12661191A00AF29009B1635 /* MenuDelegate.h */,
			);
			name = Menu;
			sourceTree = "<group>";
		};
		B1357A64187CEB3B00811CBC = {
			isa = PBXGroup;
			children = (
				B1357A76187CEB3B00811CBC /* Vagrant Manager */,
				838A3727191F59FE006244FA /* Askpass */,
				B1357A6F187CEB3B00811CBC /* Frameworks */,
				B1357A6E187CEB3B00811CBC /* Products */,
			);
			sourceTree = "<group>";
		};
		B1357A6E187CEB3B00811CBC /* Products */ = {
			isa = PBXGroup;
			children = (
				B1357A6D187CEB3B00811CBC /* Vagrant Manager.app */,
				838A3725191F59FE006244FA /* Askpass */,
			);
			name = Products;
			sourceTree = "<group>";
		};
		B1357A6F187CEB3B00811CBC /* Frameworks */ = {
			isa = PBXGroup;
			children = (
				83BCB0431921B02600206967 /* Sparkle.framework */,
				832784C918A7483900222C71 /* Security.framework */,
				8308E134188668A1001E0B45 /* WebKit.framework */,
				B1357A70187CEB3B00811CBC /* Cocoa.framework */,
				838A3701191F5798006244FA /* Foundation.framework */,
				B1357A72187CEB3B00811CBC /* Other Frameworks */,
			);
			name = Frameworks;
			sourceTree = "<group>";
		};
		B1357A72187CEB3B00811CBC /* Other Frameworks */ = {
			isa = PBXGroup;
			children = (
				B1357A73187CEB3B00811CBC /* AppKit.framework */,
				B1357A74187CEB3B00811CBC /* CoreData.framework */,
			);
			name = "Other Frameworks";
			sourceTree = "<group>";
		};
		B1357A76187CEB3B00811CBC /* Vagrant Manager */ = {
			isa = PBXGroup;
			children = (
				83F5BBB31983B8F200ACE853 /* Core */,
				838A111918839D8E00A5E6DB /* Windows */,
				838A111818839D8200A5E6DB /* App */,
				838A111718839D6900A5E6DB /* Images */,
				B1357A88187CEB3B00811CBC /* Images.xcassets */,
				B1357A77187CEB3B00811CBC /* Supporting Files */,
			);
			path = "Vagrant Manager";
			sourceTree = "<group>";
		};
		B1357A77187CEB3B00811CBC /* Supporting Files */ = {
			isa = PBXGroup;
			children = (
				83C7C8191945825B007AC491 /* Lumberjack */,
				8372138319272A5E0052206D /* AXStatusItemPopup */,
				83BCB0481921B6BF00206967 /* dsa_pub.pem */,
				8360A05818C2B39B002EA89B /* Environment.h */,
				8360A05918C2B39B002EA89B /* Environment.m */,
				B1357A78187CEB3B00811CBC /* Vagrant Manager-Info.plist */,
				B1357A79187CEB3B00811CBC /* InfoPlist.strings */,
				B1357A7C187CEB3B00811CBC /* main.m */,
				83D5D6E519DEBBE10098B8F6 /* appicon_128.png */,
				B1357A7E187CEB3B00811CBC /* Vagrant Manager-Prefix.pch */,
				B17AA1891887A75300B4C274 /* Util.h */,
				B17AA18A1887A75300B4C274 /* Util.m */,
				8360A05618C2B37F002EA89B /* Environments.plist */,
				83F1696D1923789900C54F13 /* VersionComparison.h */,
				83F1696E1923789900C54F13 /* VersionComparison.m */,
			);
			name = "Supporting Files";
			sourceTree = "<group>";
		};
		B1761B391A00BE4F0056582F /* Custom */ = {
			isa = PBXGroup;
			children = (
				83103A7B19824BBF00B340BB /* InstanceRowView.h */,
				83103A7C19824BBF00B340BB /* InstanceRowView.m */,
				83FD3537198263D4002EEA2D /* MachineRowView.h */,
				83FD3538198263D4002EEA2D /* MachineRowView.m */,
				837213BA192769020052206D /* MachineMenuItem.h */,
				837213BB192769020052206D /* MachineMenuItem.m */,
				83E7CAB81928EFF6001C86F6 /* InstanceMenuItem.h */,
				83E7CAB91928EFF6001C86F6 /* InstanceMenuItem.m */,
				830D063B192F69190043CE3C /* MenuItemObject.h */,
				830D063C192F69190043CE3C /* MenuItemObject.m */,
				83F5BBB01983A39100ACE853 /* TextMenuItem.h */,
				83F5BBB11983A39100ACE853 /* TextMenuItem.m */,
				83D5D6E019DEAC230098B8F6 /* PopupView.h */,
				83D5D6E119DEAC230098B8F6 /* PopupView.m */,
				8372138719272CB00052206D /* CustomPopoverMenu.h */,
				8372138819272CB00052206D /* CustomPopoverMenu.m */,
				8372138919272CB00052206D /* CustomPopoverMenu.xib */,
			);
			name = Custom;
			sourceTree = "<group>";
		};
		B1761B3A1A00BE580056582F /* Native */ = {
			isa = PBXGroup;
			children = (
				B12661161A00A650009B1635 /* NativeMenu.h */,
				B12661171A00A650009B1635 /* NativeMenu.m */,
				B1761B3B1A00C0140056582F /* NativeMenuItem.h */,
				B1761B3C1A00C0140056582F /* NativeMenuItem.m */,
			);
			name = Native;
			sourceTree = "<group>";
		};
/* End PBXGroup section */

/* Begin PBXNativeTarget section */
		838A3724191F59FE006244FA /* Askpass */ = {
			isa = PBXNativeTarget;
			buildConfigurationList = 838A372E191F59FE006244FA /* Build configuration list for PBXNativeTarget "Askpass" */;
			buildPhases = (
				838A3721191F59FE006244FA /* Sources */,
				838A3722191F59FE006244FA /* Frameworks */,
				838A3723191F59FE006244FA /* CopyFiles */,
			);
			buildRules = (
			);
			dependencies = (
			);
			name = Askpass;
			productName = Askpass;
			productReference = 838A3725191F59FE006244FA /* Askpass */;
			productType = "com.apple.product-type.tool";
		};
		B1357A6C187CEB3B00811CBC /* Vagrant Manager */ = {
			isa = PBXNativeTarget;
			buildConfigurationList = B1357A9E187CEB3B00811CBC /* Build configuration list for PBXNativeTarget "Vagrant Manager" */;
			buildPhases = (
				B1357A69187CEB3B00811CBC /* Sources */,
				B1357A6A187CEB3B00811CBC /* Frameworks */,
				B1357A6B187CEB3B00811CBC /* Resources */,
				83BCB0451921B1AA00206967 /* CopyFiles */,
			);
			buildRules = (
			);
			dependencies = (
				838A3735191F5A9D006244FA /* PBXTargetDependency */,
			);
			name = "Vagrant Manager";
			productName = "Vagrant Manager";
			productReference = B1357A6D187CEB3B00811CBC /* Vagrant Manager.app */;
			productType = "com.apple.product-type.application";
		};
/* End PBXNativeTarget section */

/* Begin PBXProject section */
		B1357A65187CEB3B00811CBC /* Project object */ = {
			isa = PBXProject;
			attributes = {
				LastUpgradeCheck = 0610;
				ORGANIZATIONNAME = Lanayo;
			};
			buildConfigurationList = B1357A68187CEB3B00811CBC /* Build configuration list for PBXProject "Vagrant Manager" */;
			compatibilityVersion = "Xcode 3.2";
			developmentRegion = English;
			hasScannedForEncodings = 0;
			knownRegions = (
				en,
				Base,
			);
			mainGroup = B1357A64187CEB3B00811CBC;
			productRefGroup = B1357A6E187CEB3B00811CBC /* Products */;
			projectDirPath = "";
			projectRoot = "";
			targets = (
				B1357A6C187CEB3B00811CBC /* Vagrant Manager */,
				838A3724191F59FE006244FA /* Askpass */,
			);
		};
/* End PBXProject section */

/* Begin PBXResourcesBuildPhase section */
		B1357A6B187CEB3B00811CBC /* Resources */ = {
			isa = PBXResourcesBuildPhase;
			buildActionMask = 2147483647;
			files = (
				B150012019249645000A76E7 /* vagrant_logo_on-clean@2x.png in Resources */,
				83FD354219826C80002EEA2D /* bookmark@2x.png in Resources */,
				838A3736191F5AAB006244FA /* Askpass in Resources */,
				83EAC43C18D067C900FF26A1 /* vagrant_logo_on-clean.png in Resources */,
				B1357A7B187CEB3B00811CBC /* InfoPlist.strings in Resources */,
				B17AA1991887DB8C00B4C274 /* status_icon_off.png in Resources */,
				B17AA19A1887DB8C00B4C274 /* status_icon_on.png in Resources */,
				83FD354119826C80002EEA2D /* bookmark.png in Resources */,
				B150013419249FFD000A76E7 /* status_icon_on@2x.png in Resources */,
				8339DCA2187E756B0036E162 /* TaskOutputWindow.xib in Resources */,
				83D5D6ED19DEBE580098B8F6 /* refresh.png in Resources */,
				83C7C83C1945825B007AC491 /* README.txt in Resources */,
				B17AA1901887CA4600B4C274 /* PreferencesWindow.xib in Resources */,
				B150012E19249CA2000A76E7 /* vagrant_logo_on-flat@2x.png in Resources */,
				83FD355619828164002EEA2D /* arrow_down@2x.png in Resources */,
				837213A1192758020052206D /* close.png in Resources */,
				83F5BBC01983D85C00ACE853 /* MainMenu.xib in Resources */,
				83D5D6EE19DEBE580098B8F6 /* refresh@2x.png in Resources */,
				83C4CDA61A05FA0400611DCC /* vagrant_logo_off-clean.png in Resources */,
				B1357A89187CEB3B00811CBC /* Images.xcassets in Resources */,
				83C4CDA91A05FA0400611DCC /* vagrant_logo_off-flat@2x.png in Resources */,
				8372138B19272CB00052206D /* CustomPopoverMenu.xib in Resources */,
				B15001361924A02C000A76E7 /* status_icon_suspended@2x.png in Resources */,
				83FD355519828164002EEA2D /* arrow_down.png in Resources */,
				83E7CAC71929F135001C86F6 /* arrow-up.png in Resources */,
				837213A8192758CE0052206D /* close@2x.png in Resources */,
				83BCB0491921B6BF00206967 /* dsa_pub.pem in Resources */,
				B150012A19249B19000A76E7 /* status_icon_problem@2x.png in Resources */,
				83FD355819828164002EEA2D /* arrow_right@2x.png in Resources */,
				83E7CAC219290A89001C86F6 /* arrow-down.png in Resources */,
				83FD355719828164002EEA2D /* arrow_right.png in Resources */,
				8308E133188662BD001E0B45 /* AboutWindow.xib in Resources */,
				8360A05718C2B37F002EA89B /* Environments.plist in Resources */,
				B1FAFC791920B62D009F0F86 /* status_icon_suspended.png in Resources */,
				838B394018CC85BC00A04C15 /* vagrant_logo_on-flat.png in Resources */,
				83D5D6E619DEBBE10098B8F6 /* appicon_128.png in Resources */,
				83C4CDA81A05FA0400611DCC /* vagrant_logo_off-flat.png in Resources */,
				83FD353E19826945002EEA2D /* ManageBookmarksWindow.xib in Resources */,
				83E7CAC61929F135001C86F6 /* arrow-up@2x.png in Resources */,
				B150013319249FFD000A76E7 /* status_icon_off@2x.png in Resources */,
				83C4CDA71A05FA0400611DCC /* vagrant_logo_off-clean@2x.png in Resources */,
				B17AA1961887DA5800B4C274 /* status_icon_problem.png in Resources */,
				83E7CAC319290A89001C86F6 /* arrow-down@2x.png in Resources */,
			);
			runOnlyForDeploymentPostprocessing = 0;
		};
/* End PBXResourcesBuildPhase section */

/* Begin PBXSourcesBuildPhase section */
		838A3721191F59FE006244FA /* Sources */ = {
			isa = PBXSourcesBuildPhase;
			buildActionMask = 2147483647;
			files = (
				838A3731191F5A0F006244FA /* Askpass.m in Sources */,
				838A3732191F5A0F006244FA /* PasswordHelper.m in Sources */,
			);
			runOnlyForDeploymentPostprocessing = 0;
		};
		B1357A69187CEB3B00811CBC /* Sources */ = {
			isa = PBXSourcesBuildPhase;
			buildActionMask = 2147483647;
			files = (
				83DB673719288DD90008CB57 /* VagrantInstance.m in Sources */,
				83103A571982180C00B340BB /* ParallelsServiceProvider.m in Sources */,
				83E7CAB41928C2E9001C86F6 /* VirtualMachineInfo.m in Sources */,
				83C7C8341945825B007AC491 /* DDASLLogCapture.m in Sources */,
				83103A7D19824BBF00B340BB /* InstanceRowView.m in Sources */,
				83FD354819827545002EEA2D /* BookmarkManager.m in Sources */,
				83C7C8391945825B007AC491 /* DDContextFilterLogFormatter.m in Sources */,
				83DB673A1928AC0C0008CB57 /* VagrantMachine.m in Sources */,
				83C7C83A1945825B007AC491 /* DDDispatchQueueLogFormatter.m in Sources */,
				83FD354519826DDC002EEA2D /* NFSScanner.m in Sources */,
				83FD3539198263D4002EEA2D /* MachineRowView.m in Sources */,
				B1357A84187CEB3B00811CBC /* AppDelegate.m in Sources */,
				83C7C8331945825B007AC491 /* DDAbstractDatabaseLogger.m in Sources */,
				83C7C83B1945825B007AC491 /* DDMultiFormatter.m in Sources */,
				83103A5A19821A9E00B340BB /* ParallelsMachineInfo.m in Sources */,
				83C7C8321945825B007AC491 /* CLIColor.m in Sources */,
				8360A05A18C2B39B002EA89B /* Environment.m in Sources */,
				830D063D192F69190043CE3C /* MenuItemObject.m in Sources */,
				8372138A19272CB00052206D /* CustomPopoverMenu.m in Sources */,
				8308E14018869FAC001E0B45 /* Bookmark.m in Sources */,
				83E7CABB1928EFF6001C86F6 /* InstanceMenuItem.m in Sources */,
				83DB673D1928B3510008CB57 /* VagrantManager.m in Sources */,
				8308E132188662BD001E0B45 /* AboutWindow.m in Sources */,
				83C7C8381945825B007AC491 /* DDTTYLogger.m in Sources */,
				8372138619272A5E0052206D /* AXStatusItemPopup.m in Sources */,
				83F5BBB21983A39100ACE853 /* TextMenuItem.m in Sources */,
				B1761B3D1A00C0140056582F /* NativeMenuItem.m in Sources */,
				B12661181A00A650009B1635 /* NativeMenu.m in Sources */,
				83C7C8371945825B007AC491 /* DDLog.m in Sources */,
				83DB6731192885090008CB57 /* AXTextView.m in Sources */,
				83C7C8361945825B007AC491 /* DDFileLogger.m in Sources */,
				83D5D6E219DEAC230098B8F6 /* PopupView.m in Sources */,
				B13DC35B19232782002E5A50 /* VirtualBoxServiceProvider.m in Sources */,
				837213BC192769020052206D /* MachineMenuItem.m in Sources */,
				B13DC36019233051002E5A50 /* VirtualBoxMachineInfo.m in Sources */,
				83C7C8351945825B007AC491 /* DDASLLogger.m in Sources */,
				8339DCA1187E756B0036E162 /* TaskOutputWindow.m in Sources */,
				B1357A7D187CEB3B00811CBC /* main.m in Sources */,
				B17AA18B1887A75300B4C274 /* Util.m in Sources */,
				B17AA18F1887CA4600B4C274 /* PreferencesWindow.m in Sources */,
				83FD353D19826945002EEA2D /* ManageBookmarksWindow.m in Sources */,
				83F1696F1923789900C54F13 /* VersionComparison.m in Sources */,
			);
			runOnlyForDeploymentPostprocessing = 0;
		};
/* End PBXSourcesBuildPhase section */

/* Begin PBXTargetDependency section */
		838A3735191F5A9D006244FA /* PBXTargetDependency */ = {
			isa = PBXTargetDependency;
			target = 838A3724191F59FE006244FA /* Askpass */;
			targetProxy = 838A3734191F5A9D006244FA /* PBXContainerItemProxy */;
		};
/* End PBXTargetDependency section */

/* Begin PBXVariantGroup section */
		83F5BBBE1983D85C00ACE853 /* MainMenu.xib */ = {
			isa = PBXVariantGroup;
			children = (
				83F5BBBF1983D85C00ACE853 /* Base */,
			);
			name = MainMenu.xib;
			sourceTree = "<group>";
		};
		B1357A79187CEB3B00811CBC /* InfoPlist.strings */ = {
			isa = PBXVariantGroup;
			children = (
				B1357A7A187CEB3B00811CBC /* en */,
			);
			name = InfoPlist.strings;
			sourceTree = "<group>";
		};
/* End PBXVariantGroup section */

/* Begin XCBuildConfiguration section */
		838A372F191F59FE006244FA /* Debug */ = {
			isa = XCBuildConfiguration;
			buildSettings = {
				CLANG_ENABLE_MODULES = YES;
				GCC_PRECOMPILE_PREFIX_HEADER = YES;
				GCC_PREFIX_HEADER = "Askpass/Askpass-Prefix.pch";
				GCC_PREPROCESSOR_DEFINITIONS = (
					"DEBUG=1",
					"$(inherited)",
				);
				GCC_WARN_UNINITIALIZED_AUTOS = YES_AGGRESSIVE;
				PRODUCT_NAME = "$(TARGET_NAME)";
				SKIP_INSTALL = YES;
			};
			name = Debug;
		};
		838A3730191F59FE006244FA /* Release */ = {
			isa = XCBuildConfiguration;
			buildSettings = {
				CLANG_ENABLE_MODULES = YES;
				GCC_PRECOMPILE_PREFIX_HEADER = YES;
				GCC_PREFIX_HEADER = "Askpass/Askpass-Prefix.pch";
				GCC_WARN_UNINITIALIZED_AUTOS = YES_AGGRESSIVE;
				PRODUCT_NAME = "$(TARGET_NAME)";
				SKIP_INSTALL = YES;
			};
			name = Release;
		};
		B1357A9C187CEB3B00811CBC /* Debug */ = {
			isa = XCBuildConfiguration;
			buildSettings = {
				ALWAYS_SEARCH_USER_PATHS = NO;
				CLANG_CXX_LANGUAGE_STANDARD = "gnu++0x";
				CLANG_CXX_LIBRARY = "libc++";
				CLANG_ENABLE_OBJC_ARC = YES;
				CLANG_WARN_BOOL_CONVERSION = YES;
				CLANG_WARN_CONSTANT_CONVERSION = YES;
				CLANG_WARN_DIRECT_OBJC_ISA_USAGE = YES_ERROR;
				CLANG_WARN_EMPTY_BODY = YES;
				CLANG_WARN_ENUM_CONVERSION = YES;
				CLANG_WARN_INT_CONVERSION = YES;
				CLANG_WARN_OBJC_ROOT_CLASS = YES_ERROR;
				CLANG_WARN__DUPLICATE_METHOD_MATCH = YES;
				COPY_PHASE_STRIP = NO;
				GCC_C_LANGUAGE_STANDARD = gnu99;
				GCC_DYNAMIC_NO_PIC = NO;
				GCC_ENABLE_OBJC_EXCEPTIONS = YES;
				GCC_OPTIMIZATION_LEVEL = 0;
				GCC_PREPROCESSOR_DEFINITIONS = (
					"DEBUG=1",
					"$(inherited)",
				);
				GCC_SYMBOLS_PRIVATE_EXTERN = NO;
				GCC_WARN_64_TO_32_BIT_CONVERSION = YES;
				GCC_WARN_ABOUT_RETURN_TYPE = YES_ERROR;
				GCC_WARN_UNDECLARED_SELECTOR = YES;
				GCC_WARN_UNINITIALIZED_AUTOS = YES;
				GCC_WARN_UNUSED_FUNCTION = YES;
				GCC_WARN_UNUSED_VARIABLE = YES;
				MACOSX_DEPLOYMENT_TARGET = 10.8;
				ONLY_ACTIVE_ARCH = YES;
				SDKROOT = macosx;
			};
			name = Debug;
		};
		B1357A9D187CEB3B00811CBC /* Release */ = {
			isa = XCBuildConfiguration;
			buildSettings = {
				ALWAYS_SEARCH_USER_PATHS = NO;
				CLANG_CXX_LANGUAGE_STANDARD = "gnu++0x";
				CLANG_CXX_LIBRARY = "libc++";
				CLANG_ENABLE_OBJC_ARC = YES;
				CLANG_WARN_BOOL_CONVERSION = YES;
				CLANG_WARN_CONSTANT_CONVERSION = YES;
				CLANG_WARN_DIRECT_OBJC_ISA_USAGE = YES_ERROR;
				CLANG_WARN_EMPTY_BODY = YES;
				CLANG_WARN_ENUM_CONVERSION = YES;
				CLANG_WARN_INT_CONVERSION = YES;
				CLANG_WARN_OBJC_ROOT_CLASS = YES_ERROR;
				CLANG_WARN__DUPLICATE_METHOD_MATCH = YES;
				COPY_PHASE_STRIP = YES;
				DEBUG_INFORMATION_FORMAT = "dwarf-with-dsym";
				ENABLE_NS_ASSERTIONS = NO;
				GCC_C_LANGUAGE_STANDARD = gnu99;
				GCC_ENABLE_OBJC_EXCEPTIONS = YES;
				GCC_WARN_64_TO_32_BIT_CONVERSION = YES;
				GCC_WARN_ABOUT_RETURN_TYPE = YES_ERROR;
				GCC_WARN_UNDECLARED_SELECTOR = YES;
				GCC_WARN_UNINITIALIZED_AUTOS = YES;
				GCC_WARN_UNUSED_FUNCTION = YES;
				GCC_WARN_UNUSED_VARIABLE = YES;
				MACOSX_DEPLOYMENT_TARGET = 10.8;
				SDKROOT = macosx;
			};
			name = Release;
		};
		B1357A9F187CEB3B00811CBC /* Debug */ = {
			isa = XCBuildConfiguration;
			buildSettings = {
				ASSETCATALOG_COMPILER_APPICON_NAME = AppIcon;
				COMBINE_HIDPI_IMAGES = YES;
				FRAMEWORK_SEARCH_PATHS = (
					"$(inherited)",
					"$(PROJECT_DIR)",
				);
				GCC_PRECOMPILE_PREFIX_HEADER = YES;
				GCC_PREFIX_HEADER = "Vagrant Manager/Vagrant Manager-Prefix.pch";
				INFOPLIST_FILE = "Vagrant Manager/Vagrant Manager-Info.plist";
				PRODUCT_NAME = "$(TARGET_NAME)";
				WRAPPER_EXTENSION = app;
			};
			name = Debug;
		};
		B1357AA0187CEB3B00811CBC /* Release */ = {
			isa = XCBuildConfiguration;
			buildSettings = {
				ASSETCATALOG_COMPILER_APPICON_NAME = AppIcon;
				COMBINE_HIDPI_IMAGES = YES;
				FRAMEWORK_SEARCH_PATHS = (
					"$(inherited)",
					"$(PROJECT_DIR)",
				);
				GCC_PRECOMPILE_PREFIX_HEADER = YES;
				GCC_PREFIX_HEADER = "Vagrant Manager/Vagrant Manager-Prefix.pch";
				INFOPLIST_FILE = "Vagrant Manager/Vagrant Manager-Info.plist";
				PRODUCT_NAME = "$(TARGET_NAME)";
				WRAPPER_EXTENSION = app;
			};
			name = Release;
		};
/* End XCBuildConfiguration section */

/* Begin XCConfigurationList section */
		838A372E191F59FE006244FA /* Build configuration list for PBXNativeTarget "Askpass" */ = {
			isa = XCConfigurationList;
			buildConfigurations = (
				838A372F191F59FE006244FA /* Debug */,
				838A3730191F59FE006244FA /* Release */,
			);
			defaultConfigurationIsVisible = 0;
			defaultConfigurationName = Release;
		};
		B1357A68187CEB3B00811CBC /* Build configuration list for PBXProject "Vagrant Manager" */ = {
			isa = XCConfigurationList;
			buildConfigurations = (
				B1357A9C187CEB3B00811CBC /* Debug */,
				B1357A9D187CEB3B00811CBC /* Release */,
			);
			defaultConfigurationIsVisible = 0;
			defaultConfigurationName = Release;
		};
		B1357A9E187CEB3B00811CBC /* Build configuration list for PBXNativeTarget "Vagrant Manager" */ = {
			isa = XCConfigurationList;
			buildConfigurations = (
				B1357A9F187CEB3B00811CBC /* Debug */,
				B1357AA0187CEB3B00811CBC /* Release */,
			);
			defaultConfigurationIsVisible = 0;
			defaultConfigurationName = Release;
		};
/* End XCConfigurationList section */
	};
	rootObject = B1357A65187CEB3B00811CBC /* Project object */;
}
