// !$*UTF8*$!
{
	archiveVersion = 1;
	classes = {
	};
	objectVersion = 46;
	objects = {

/* Begin PBXBuildFile section */
		8308E132188662BD001E0B45 /* AboutWindow.m in Sources */ = {isa = PBXBuildFile; fileRef = 8308E130188662BD001E0B45 /* AboutWindow.m */; };
		8308E133188662BD001E0B45 /* AboutWindow.xib in Resources */ = {isa = PBXBuildFile; fileRef = 8308E131188662BD001E0B45 /* AboutWindow.xib */; };
		8308E135188668A1001E0B45 /* WebKit.framework in Frameworks */ = {isa = PBXBuildFile; fileRef = 8308E134188668A1001E0B45 /* WebKit.framework */; };
		8308E13C18868D52001E0B45 /* VirtualMachineInfoWindow.m in Sources */ = {isa = PBXBuildFile; fileRef = 8308E13A18868D52001E0B45 /* VirtualMachineInfoWindow.m */; };
		8308E13D18868D52001E0B45 /* VirtualMachineInfoWindow.xib in Resources */ = {isa = PBXBuildFile; fileRef = 8308E13B18868D52001E0B45 /* VirtualMachineInfoWindow.xib */; };
		8308E14018869FAC001E0B45 /* Bookmark.m in Sources */ = {isa = PBXBuildFile; fileRef = 8308E13F18869FAC001E0B45 /* Bookmark.m */; };
		830D063A192F2F310043CE3C /* InstanceRowView.m in Sources */ = {isa = PBXBuildFile; fileRef = 830D0639192F2F310043CE3C /* InstanceRowView.m */; };
		830D063D192F69190043CE3C /* MenuItemObject.m in Sources */ = {isa = PBXBuildFile; fileRef = 830D063C192F69190043CE3C /* MenuItemObject.m */; };
		830D0640192F822B0043CE3C /* InstanceActionsMenuItem.m in Sources */ = {isa = PBXBuildFile; fileRef = 830D063F192F822B0043CE3C /* InstanceActionsMenuItem.m */; };
		8339DCA1187E756B0036E162 /* TaskOutputWindow.m in Sources */ = {isa = PBXBuildFile; fileRef = 8339DC9F187E756B0036E162 /* TaskOutputWindow.m */; };
		8339DCA2187E756B0036E162 /* TaskOutputWindow.xib in Resources */ = {isa = PBXBuildFile; fileRef = 8339DCA0187E756B0036E162 /* TaskOutputWindow.xib */; };
		8360A05718C2B37F002EA89B /* Environments.plist in Resources */ = {isa = PBXBuildFile; fileRef = 8360A05618C2B37F002EA89B /* Environments.plist */; };
		8360A05A18C2B39B002EA89B /* Environment.m in Sources */ = {isa = PBXBuildFile; fileRef = 8360A05918C2B39B002EA89B /* Environment.m */; };
		8372138619272A5E0052206D /* AXStatusItemPopup.m in Sources */ = {isa = PBXBuildFile; fileRef = 8372138519272A5E0052206D /* AXStatusItemPopup.m */; };
		8372138A19272CB00052206D /* PopupContentViewController.m in Sources */ = {isa = PBXBuildFile; fileRef = 8372138819272CB00052206D /* PopupContentViewController.m */; };
		8372138B19272CB00052206D /* PopupContentViewController.xib in Resources */ = {isa = PBXBuildFile; fileRef = 8372138919272CB00052206D /* PopupContentViewController.xib */; };
		8372138F192732330052206D /* lanayo.png in Resources */ = {isa = PBXBuildFile; fileRef = 8372138E192732330052206D /* lanayo.png */; };
		83721391192737B40052206D /* logo.png in Resources */ = {isa = PBXBuildFile; fileRef = 83721390192737B40052206D /* logo.png */; };
		8372139E192758020052206D /* gear.png in Resources */ = {isa = PBXBuildFile; fileRef = 83721397192758020052206D /* gear.png */; };
		8372139F192758020052206D /* radio.png in Resources */ = {isa = PBXBuildFile; fileRef = 83721398192758020052206D /* radio.png */; };
		837213A0192758020052206D /* about.png in Resources */ = {isa = PBXBuildFile; fileRef = 83721399192758020052206D /* about.png */; };
		837213A1192758020052206D /* close.png in Resources */ = {isa = PBXBuildFile; fileRef = 8372139A192758020052206D /* close.png */; };
		837213A2192758020052206D /* info.png in Resources */ = {isa = PBXBuildFile; fileRef = 8372139B192758020052206D /* info.png */; };
		837213A3192758020052206D /* refresh.png in Resources */ = {isa = PBXBuildFile; fileRef = 8372139C192758020052206D /* refresh.png */; };
		837213A4192758020052206D /* plus.png in Resources */ = {isa = PBXBuildFile; fileRef = 8372139D192758020052206D /* plus.png */; };
		837213A6192758890052206D /* gear@2x.png in Resources */ = {isa = PBXBuildFile; fileRef = 837213A5192758890052206D /* gear@2x.png */; };
		837213A8192758CE0052206D /* close@2x.png in Resources */ = {isa = PBXBuildFile; fileRef = 837213A7192758CE0052206D /* close@2x.png */; };
		837213AA1927591F0052206D /* info@2x.png in Resources */ = {isa = PBXBuildFile; fileRef = 837213A91927591F0052206D /* info@2x.png */; };
		837213AC1927599D0052206D /* refresh@2x.png in Resources */ = {isa = PBXBuildFile; fileRef = 837213AB1927599D0052206D /* refresh@2x.png */; };
		837213BC192769020052206D /* MachineMenuItem.m in Sources */ = {isa = PBXBuildFile; fileRef = 837213BB192769020052206D /* MachineMenuItem.m */; };
		838A36FB191F56E4006244FA /* Security.framework in Frameworks */ = {isa = PBXBuildFile; fileRef = 832784C918A7483900222C71 /* Security.framework */; };
		838A3726191F59FE006244FA /* Foundation.framework in Frameworks */ = {isa = PBXBuildFile; fileRef = 838A3701191F5798006244FA /* Foundation.framework */; };
		838A3731191F5A0F006244FA /* Askpass.m in Sources */ = {isa = PBXBuildFile; fileRef = 838A36F6191F53D8006244FA /* Askpass.m */; };
		838A3732191F5A0F006244FA /* PasswordHelper.m in Sources */ = {isa = PBXBuildFile; fileRef = 838A36F8191F53D8006244FA /* PasswordHelper.m */; };
		838A3733191F5A8B006244FA /* Security.framework in Frameworks */ = {isa = PBXBuildFile; fileRef = 832784C918A7483900222C71 /* Security.framework */; };
		838A3736191F5AAB006244FA /* Askpass in Resources */ = {isa = PBXBuildFile; fileRef = 838A3725191F59FE006244FA /* Askpass */; };
		838B393418CC78E800A04C15 /* vagrant_logo_off-default.png in Resources */ = {isa = PBXBuildFile; fileRef = 838B393318CC78E800A04C15 /* vagrant_logo_off-default.png */; };
		838B393E18CC85BC00A04C15 /* vagrant_logo_highlighted-flat.png in Resources */ = {isa = PBXBuildFile; fileRef = 838B393B18CC85BC00A04C15 /* vagrant_logo_highlighted-flat.png */; };
		838B393F18CC85BC00A04C15 /* vagrant_logo_off-flat.png in Resources */ = {isa = PBXBuildFile; fileRef = 838B393C18CC85BC00A04C15 /* vagrant_logo_off-flat.png */; };
		838B394018CC85BC00A04C15 /* vagrant_logo_on-flat.png in Resources */ = {isa = PBXBuildFile; fileRef = 838B393D18CC85BC00A04C15 /* vagrant_logo_on-flat.png */; };
		83BCB0441921B02600206967 /* Sparkle.framework in Frameworks */ = {isa = PBXBuildFile; fileRef = 83BCB0431921B02600206967 /* Sparkle.framework */; };
		83BCB0471921B1D600206967 /* Sparkle.framework in CopyFiles */ = {isa = PBXBuildFile; fileRef = 83BCB0431921B02600206967 /* Sparkle.framework */; };
		83BCB0491921B6BF00206967 /* dsa_pub.pem in Resources */ = {isa = PBXBuildFile; fileRef = 83BCB0481921B6BF00206967 /* dsa_pub.pem */; };
		83C7C8321945825B007AC491 /* CLIColor.m in Sources */ = {isa = PBXBuildFile; fileRef = 83C7C81C1945825B007AC491 /* CLIColor.m */; };
		83C7C8331945825B007AC491 /* DDAbstractDatabaseLogger.m in Sources */ = {isa = PBXBuildFile; fileRef = 83C7C81E1945825B007AC491 /* DDAbstractDatabaseLogger.m */; };
		83C7C8341945825B007AC491 /* DDASLLogCapture.m in Sources */ = {isa = PBXBuildFile; fileRef = 83C7C8201945825B007AC491 /* DDASLLogCapture.m */; };
		83C7C8351945825B007AC491 /* DDASLLogger.m in Sources */ = {isa = PBXBuildFile; fileRef = 83C7C8221945825B007AC491 /* DDASLLogger.m */; };
		83C7C8361945825B007AC491 /* DDFileLogger.m in Sources */ = {isa = PBXBuildFile; fileRef = 83C7C8241945825B007AC491 /* DDFileLogger.m */; };
		83C7C8371945825B007AC491 /* DDLog.m in Sources */ = {isa = PBXBuildFile; fileRef = 83C7C8271945825B007AC491 /* DDLog.m */; };
		83C7C8381945825B007AC491 /* DDTTYLogger.m in Sources */ = {isa = PBXBuildFile; fileRef = 83C7C8291945825B007AC491 /* DDTTYLogger.m */; };
		83C7C8391945825B007AC491 /* DDContextFilterLogFormatter.m in Sources */ = {isa = PBXBuildFile; fileRef = 83C7C82C1945825B007AC491 /* DDContextFilterLogFormatter.m */; };
		83C7C83A1945825B007AC491 /* DDDispatchQueueLogFormatter.m in Sources */ = {isa = PBXBuildFile; fileRef = 83C7C82E1945825B007AC491 /* DDDispatchQueueLogFormatter.m */; };
		83C7C83B1945825B007AC491 /* DDMultiFormatter.m in Sources */ = {isa = PBXBuildFile; fileRef = 83C7C8301945825B007AC491 /* DDMultiFormatter.m */; };
		83C7C83C1945825B007AC491 /* README.txt in Resources */ = {isa = PBXBuildFile; fileRef = 83C7C8311945825B007AC491 /* README.txt */; };
		83DB6731192885090008CB57 /* AXTextView.m in Sources */ = {isa = PBXBuildFile; fileRef = 83DB6730192885090008CB57 /* AXTextView.m */; };
		83DB673719288DD90008CB57 /* VagrantInstance.m in Sources */ = {isa = PBXBuildFile; fileRef = 83DB673619288DD90008CB57 /* VagrantInstance.m */; };
		83DB673A1928AC0C0008CB57 /* VagrantMachine.m in Sources */ = {isa = PBXBuildFile; fileRef = 83DB67391928AC0C0008CB57 /* VagrantMachine.m */; };
		83DB673D1928B3510008CB57 /* VagrantManager.m in Sources */ = {isa = PBXBuildFile; fileRef = 83DB673C1928B3510008CB57 /* VagrantManager.m */; };
		83E7CAB41928C2E9001C86F6 /* VirtualMachineInfo.m in Sources */ = {isa = PBXBuildFile; fileRef = 83E7CAB31928C2E9001C86F6 /* VirtualMachineInfo.m */; };
		83E7CABB1928EFF6001C86F6 /* InstanceMenuItem.m in Sources */ = {isa = PBXBuildFile; fileRef = 83E7CAB91928EFF6001C86F6 /* InstanceMenuItem.m */; };
		83E7CAC219290A89001C86F6 /* arrow-down.png in Resources */ = {isa = PBXBuildFile; fileRef = 83E7CAC019290A89001C86F6 /* arrow-down.png */; };
		83E7CAC319290A89001C86F6 /* arrow-down@2x.png in Resources */ = {isa = PBXBuildFile; fileRef = 83E7CAC119290A89001C86F6 /* arrow-down@2x.png */; };
		83E7CAC61929F135001C86F6 /* arrow-up@2x.png in Resources */ = {isa = PBXBuildFile; fileRef = 83E7CAC41929F135001C86F6 /* arrow-up@2x.png */; };
		83E7CAC71929F135001C86F6 /* arrow-up.png in Resources */ = {isa = PBXBuildFile; fileRef = 83E7CAC51929F135001C86F6 /* arrow-up.png */; };
		83EAC43518D05E9300FF26A1 /* AddBookmarkWindow.m in Sources */ = {isa = PBXBuildFile; fileRef = 83EAC43318D05E9300FF26A1 /* AddBookmarkWindow.m */; };
		83EAC43618D05E9300FF26A1 /* AddBookmarkWindow.xib in Resources */ = {isa = PBXBuildFile; fileRef = 83EAC43418D05E9300FF26A1 /* AddBookmarkWindow.xib */; };
		83EAC43A18D067C900FF26A1 /* vagrant_logo_highlighted-clean.png in Resources */ = {isa = PBXBuildFile; fileRef = 83EAC43718D067C900FF26A1 /* vagrant_logo_highlighted-clean.png */; };
		83EAC43B18D067C900FF26A1 /* vagrant_logo_off-clean@2x.png in Resources */ = {isa = PBXBuildFile; fileRef = 83EAC43818D067C900FF26A1 /* vagrant_logo_off-clean@2x.png */; };
		83EAC43C18D067C900FF26A1 /* vagrant_logo_on-clean.png in Resources */ = {isa = PBXBuildFile; fileRef = 83EAC43918D067C900FF26A1 /* vagrant_logo_on-clean.png */; };
		83F1696F1923789900C54F13 /* VersionComparison.m in Sources */ = {isa = PBXBuildFile; fileRef = 83F1696E1923789900C54F13 /* VersionComparison.m */; };
		B1357A71187CEB3B00811CBC /* Cocoa.framework in Frameworks */ = {isa = PBXBuildFile; fileRef = B1357A70187CEB3B00811CBC /* Cocoa.framework */; };
		B1357A7B187CEB3B00811CBC /* InfoPlist.strings in Resources */ = {isa = PBXBuildFile; fileRef = B1357A79187CEB3B00811CBC /* InfoPlist.strings */; };
		B1357A7D187CEB3B00811CBC /* main.m in Sources */ = {isa = PBXBuildFile; fileRef = B1357A7C187CEB3B00811CBC /* main.m */; };
		B1357A84187CEB3B00811CBC /* AppDelegate.m in Sources */ = {isa = PBXBuildFile; fileRef = B1357A83187CEB3B00811CBC /* AppDelegate.m */; };
		B1357A87187CEB3B00811CBC /* MainMenu.xib in Resources */ = {isa = PBXBuildFile; fileRef = B1357A85187CEB3B00811CBC /* MainMenu.xib */; };
		B1357A89187CEB3B00811CBC /* Images.xcassets in Resources */ = {isa = PBXBuildFile; fileRef = B1357A88187CEB3B00811CBC /* Images.xcassets */; };
		B1357ABD187DF58C00811CBC /* vagrant_logo_highlighted-default.png in Resources */ = {isa = PBXBuildFile; fileRef = B1357ABB187DF58B00811CBC /* vagrant_logo_highlighted-default.png */; };
		B1357ABE187DF58C00811CBC /* vagrant_logo_on-default.png in Resources */ = {isa = PBXBuildFile; fileRef = B1357ABC187DF58C00811CBC /* vagrant_logo_on-default.png */; };
		B13DC35B19232782002E5A50 /* VirtualBoxServiceProvider.m in Sources */ = {isa = PBXBuildFile; fileRef = B13DC35A19232782002E5A50 /* VirtualBoxServiceProvider.m */; };
		B13DC36019233051002E5A50 /* VirtualBoxMachineInfo.m in Sources */ = {isa = PBXBuildFile; fileRef = B13DC35F19233051002E5A50 /* VirtualBoxMachineInfo.m */; };
		B150011D1924940A000A76E7 /* vagrant_logo_off-clean.png in Resources */ = {isa = PBXBuildFile; fileRef = B150011C1924940A000A76E7 /* vagrant_logo_off-clean.png */; };
		B150012019249645000A76E7 /* vagrant_logo_on-clean@2x.png in Resources */ = {isa = PBXBuildFile; fileRef = B150011F19249645000A76E7 /* vagrant_logo_on-clean@2x.png */; };
		B1500122192496E9000A76E7 /* vagrant_logo_highlighted-clean@2x.png in Resources */ = {isa = PBXBuildFile; fileRef = B1500121192496E9000A76E7 /* vagrant_logo_highlighted-clean@2x.png */; };
		B150012419249833000A76E7 /* vagrant_logo_on-default@2x.png in Resources */ = {isa = PBXBuildFile; fileRef = B150012319249833000A76E7 /* vagrant_logo_on-default@2x.png */; };
		B150012619249896000A76E7 /* vagrant_logo_off-default@2x.png in Resources */ = {isa = PBXBuildFile; fileRef = B150012519249896000A76E7 /* vagrant_logo_off-default@2x.png */; };
		B1500128192498DD000A76E7 /* vagrant_logo_highlighted-default@2x.png in Resources */ = {isa = PBXBuildFile; fileRef = B1500127192498DD000A76E7 /* vagrant_logo_highlighted-default@2x.png */; };
		B150012A19249B19000A76E7 /* problem@2x.png in Resources */ = {isa = PBXBuildFile; fileRef = B150012919249B19000A76E7 /* problem@2x.png */; };
		B150012C19249C34000A76E7 /* vagrant_logo_off-flat@2x.png in Resources */ = {isa = PBXBuildFile; fileRef = B150012B19249C34000A76E7 /* vagrant_logo_off-flat@2x.png */; };
		B150012E19249CA2000A76E7 /* vagrant_logo_on-flat@2x.png in Resources */ = {isa = PBXBuildFile; fileRef = B150012D19249CA2000A76E7 /* vagrant_logo_on-flat@2x.png */; };
		B150013019249D06000A76E7 /* vagrant_logo_highlighted-flat@2x.png in Resources */ = {isa = PBXBuildFile; fileRef = B150012F19249D06000A76E7 /* vagrant_logo_highlighted-flat@2x.png */; };
		B150013319249FFD000A76E7 /* off@2x.png in Resources */ = {isa = PBXBuildFile; fileRef = B150013119249FFD000A76E7 /* off@2x.png */; };
		B150013419249FFD000A76E7 /* on@2x.png in Resources */ = {isa = PBXBuildFile; fileRef = B150013219249FFD000A76E7 /* on@2x.png */; };
		B15001361924A02C000A76E7 /* suspended@2x.png in Resources */ = {isa = PBXBuildFile; fileRef = B15001351924A02C000A76E7 /* suspended@2x.png */; };
		B17AA18B1887A75300B4C274 /* Util.m in Sources */ = {isa = PBXBuildFile; fileRef = B17AA18A1887A75300B4C274 /* Util.m */; };
		B17AA18F1887CA4600B4C274 /* PreferencesWindow.m in Sources */ = {isa = PBXBuildFile; fileRef = B17AA18D1887CA4600B4C274 /* PreferencesWindow.m */; };
		B17AA1901887CA4600B4C274 /* PreferencesWindow.xib in Resources */ = {isa = PBXBuildFile; fileRef = B17AA18E1887CA4600B4C274 /* PreferencesWindow.xib */; };
		B17AA1961887DA5800B4C274 /* problem.png in Resources */ = {isa = PBXBuildFile; fileRef = B17AA1931887DA5800B4C274 /* problem.png */; };
		B17AA1991887DB8C00B4C274 /* off.png in Resources */ = {isa = PBXBuildFile; fileRef = B17AA1971887DB8C00B4C274 /* off.png */; };
		B17AA19A1887DB8C00B4C274 /* on.png in Resources */ = {isa = PBXBuildFile; fileRef = B17AA1981887DB8C00B4C274 /* on.png */; };
		B1FAFC791920B62D009F0F86 /* suspended.png in Resources */ = {isa = PBXBuildFile; fileRef = B1FAFC781920B62D009F0F86 /* suspended.png */; };
/* End PBXBuildFile section */

/* Begin PBXContainerItemProxy section */
		838A3734191F5A9D006244FA /* PBXContainerItemProxy */ = {
			isa = PBXContainerItemProxy;
			containerPortal = B1357A65187CEB3B00811CBC /* Project object */;
			proxyType = 1;
			remoteGlobalIDString = 838A3724191F59FE006244FA;
			remoteInfo = Askpass;
		};
/* End PBXContainerItemProxy section */

/* Begin PBXCopyFilesBuildPhase section */
		838A3723191F59FE006244FA /* CopyFiles */ = {
			isa = PBXCopyFilesBuildPhase;
			buildActionMask = 2147483647;
			dstPath = /usr/share/man/man1/;
			dstSubfolderSpec = 0;
			files = (
			);
			runOnlyForDeploymentPostprocessing = 1;
		};
		83BCB0451921B1AA00206967 /* CopyFiles */ = {
			isa = PBXCopyFilesBuildPhase;
			buildActionMask = 2147483647;
			dstPath = "";
			dstSubfolderSpec = 10;
			files = (
				83BCB0471921B1D600206967 /* Sparkle.framework in CopyFiles */,
			);
			runOnlyForDeploymentPostprocessing = 0;
		};
/* End PBXCopyFilesBuildPhase section */

/* Begin PBXFileReference section */
		8308E12F188662BD001E0B45 /* AboutWindow.h */ = {isa = PBXFileReference; fileEncoding = 4; lastKnownFileType = sourcecode.c.h; path = AboutWindow.h; sourceTree = "<group>"; };
		8308E130188662BD001E0B45 /* AboutWindow.m */ = {isa = PBXFileReference; fileEncoding = 4; lastKnownFileType = sourcecode.c.objc; path = AboutWindow.m; sourceTree = "<group>"; };
		8308E131188662BD001E0B45 /* AboutWindow.xib */ = {isa = PBXFileReference; fileEncoding = 4; lastKnownFileType = file.xib; path = AboutWindow.xib; sourceTree = "<group>"; };
		8308E134188668A1001E0B45 /* WebKit.framework */ = {isa = PBXFileReference; lastKnownFileType = wrapper.framework; name = WebKit.framework; path = System/Library/Frameworks/WebKit.framework; sourceTree = SDKROOT; };
		8308E13918868D52001E0B45 /* VirtualMachineInfoWindow.h */ = {isa = PBXFileReference; fileEncoding = 4; lastKnownFileType = sourcecode.c.h; path = VirtualMachineInfoWindow.h; sourceTree = "<group>"; };
		8308E13A18868D52001E0B45 /* VirtualMachineInfoWindow.m */ = {isa = PBXFileReference; fileEncoding = 4; lastKnownFileType = sourcecode.c.objc; path = VirtualMachineInfoWindow.m; sourceTree = "<group>"; };
		8308E13B18868D52001E0B45 /* VirtualMachineInfoWindow.xib */ = {isa = PBXFileReference; fileEncoding = 4; lastKnownFileType = file.xib; path = VirtualMachineInfoWindow.xib; sourceTree = "<group>"; };
		8308E13E18869FAC001E0B45 /* Bookmark.h */ = {isa = PBXFileReference; fileEncoding = 4; lastKnownFileType = sourcecode.c.h; path = Bookmark.h; sourceTree = "<group>"; };
		8308E13F18869FAC001E0B45 /* Bookmark.m */ = {isa = PBXFileReference; fileEncoding = 4; lastKnownFileType = sourcecode.c.objc; path = Bookmark.m; sourceTree = "<group>"; };
		830D0638192F2F310043CE3C /* InstanceRowView.h */ = {isa = PBXFileReference; fileEncoding = 4; lastKnownFileType = sourcecode.c.h; path = InstanceRowView.h; sourceTree = "<group>"; };
		830D0639192F2F310043CE3C /* InstanceRowView.m */ = {isa = PBXFileReference; fileEncoding = 4; lastKnownFileType = sourcecode.c.objc; path = InstanceRowView.m; sourceTree = "<group>"; };
		830D063B192F69190043CE3C /* MenuItemObject.h */ = {isa = PBXFileReference; fileEncoding = 4; lastKnownFileType = sourcecode.c.h; path = MenuItemObject.h; sourceTree = "<group>"; };
		830D063C192F69190043CE3C /* MenuItemObject.m */ = {isa = PBXFileReference; fileEncoding = 4; lastKnownFileType = sourcecode.c.objc; path = MenuItemObject.m; sourceTree = "<group>"; };
		830D063E192F822B0043CE3C /* InstanceActionsMenuItem.h */ = {isa = PBXFileReference; fileEncoding = 4; lastKnownFileType = sourcecode.c.h; path = InstanceActionsMenuItem.h; sourceTree = "<group>"; };
		830D063F192F822B0043CE3C /* InstanceActionsMenuItem.m */ = {isa = PBXFileReference; fileEncoding = 4; lastKnownFileType = sourcecode.c.objc; path = InstanceActionsMenuItem.m; sourceTree = "<group>"; };
		832784C918A7483900222C71 /* Security.framework */ = {isa = PBXFileReference; lastKnownFileType = wrapper.framework; name = Security.framework; path = System/Library/Frameworks/Security.framework; sourceTree = SDKROOT; };
		8339DC9E187E756B0036E162 /* TaskOutputWindow.h */ = {isa = PBXFileReference; fileEncoding = 4; lastKnownFileType = sourcecode.c.h; path = TaskOutputWindow.h; sourceTree = "<group>"; };
		8339DC9F187E756B0036E162 /* TaskOutputWindow.m */ = {isa = PBXFileReference; fileEncoding = 4; lastKnownFileType = sourcecode.c.objc; path = TaskOutputWindow.m; sourceTree = "<group>"; };
		8339DCA0187E756B0036E162 /* TaskOutputWindow.xib */ = {isa = PBXFileReference; fileEncoding = 4; lastKnownFileType = file.xib; path = TaskOutputWindow.xib; sourceTree = "<group>"; };
		8360A05618C2B37F002EA89B /* Environments.plist */ = {isa = PBXFileReference; fileEncoding = 4; lastKnownFileType = text.plist.xml; path = Environments.plist; sourceTree = "<group>"; };
		8360A05818C2B39B002EA89B /* Environment.h */ = {isa = PBXFileReference; fileEncoding = 4; lastKnownFileType = sourcecode.c.h; path = Environment.h; sourceTree = "<group>"; };
		8360A05918C2B39B002EA89B /* Environment.m */ = {isa = PBXFileReference; fileEncoding = 4; lastKnownFileType = sourcecode.c.objc; path = Environment.m; sourceTree = "<group>"; };
		8372138419272A5E0052206D /* AXStatusItemPopup.h */ = {isa = PBXFileReference; fileEncoding = 4; lastKnownFileType = sourcecode.c.h; path = AXStatusItemPopup.h; sourceTree = "<group>"; };
		8372138519272A5E0052206D /* AXStatusItemPopup.m */ = {isa = PBXFileReference; fileEncoding = 4; lastKnownFileType = sourcecode.c.objc; path = AXStatusItemPopup.m; sourceTree = "<group>"; };
		8372138719272CB00052206D /* PopupContentViewController.h */ = {isa = PBXFileReference; fileEncoding = 4; lastKnownFileType = sourcecode.c.h; path = PopupContentViewController.h; sourceTree = "<group>"; };
		8372138819272CB00052206D /* PopupContentViewController.m */ = {isa = PBXFileReference; fileEncoding = 4; lastKnownFileType = sourcecode.c.objc; path = PopupContentViewController.m; sourceTree = "<group>"; };
		8372138919272CB00052206D /* PopupContentViewController.xib */ = {isa = PBXFileReference; fileEncoding = 4; lastKnownFileType = file.xib; path = PopupContentViewController.xib; sourceTree = "<group>"; };
		8372138E192732330052206D /* lanayo.png */ = {isa = PBXFileReference; lastKnownFileType = image.png; path = lanayo.png; sourceTree = "<group>"; };
		83721390192737B40052206D /* logo.png */ = {isa = PBXFileReference; lastKnownFileType = image.png; path = logo.png; sourceTree = "<group>"; };
		83721397192758020052206D /* gear.png */ = {isa = PBXFileReference; lastKnownFileType = image.png; path = gear.png; sourceTree = "<group>"; };
		83721398192758020052206D /* radio.png */ = {isa = PBXFileReference; lastKnownFileType = image.png; path = radio.png; sourceTree = "<group>"; };
		83721399192758020052206D /* about.png */ = {isa = PBXFileReference; lastKnownFileType = image.png; path = about.png; sourceTree = "<group>"; };
		8372139A192758020052206D /* close.png */ = {isa = PBXFileReference; lastKnownFileType = image.png; path = close.png; sourceTree = "<group>"; };
		8372139B192758020052206D /* info.png */ = {isa = PBXFileReference; lastKnownFileType = image.png; path = info.png; sourceTree = "<group>"; };
		8372139C192758020052206D /* refresh.png */ = {isa = PBXFileReference; lastKnownFileType = image.png; path = refresh.png; sourceTree = "<group>"; };
		8372139D192758020052206D /* plus.png */ = {isa = PBXFileReference; lastKnownFileType = image.png; path = plus.png; sourceTree = "<group>"; };
		837213A5192758890052206D /* gear@2x.png */ = {isa = PBXFileReference; lastKnownFileType = image.png; path = "gear@2x.png"; sourceTree = "<group>"; };
		837213A7192758CE0052206D /* close@2x.png */ = {isa = PBXFileReference; lastKnownFileType = image.png; path = "close@2x.png"; sourceTree = "<group>"; };
		837213A91927591F0052206D /* info@2x.png */ = {isa = PBXFileReference; lastKnownFileType = image.png; path = "info@2x.png"; sourceTree = "<group>"; };
		837213AB1927599D0052206D /* refresh@2x.png */ = {isa = PBXFileReference; lastKnownFileType = image.png; path = "refresh@2x.png"; sourceTree = "<group>"; };
		837213BA192769020052206D /* MachineMenuItem.h */ = {isa = PBXFileReference; fileEncoding = 4; lastKnownFileType = sourcecode.c.h; name = MachineMenuItem.h; path = ../MachineMenuItem.h; sourceTree = "<group>"; };
		837213BB192769020052206D /* MachineMenuItem.m */ = {isa = PBXFileReference; fileEncoding = 4; lastKnownFileType = sourcecode.c.objc; name = MachineMenuItem.m; path = ../MachineMenuItem.m; sourceTree = "<group>"; };
		838A36F6191F53D8006244FA /* Askpass.m */ = {isa = PBXFileReference; fileEncoding = 4; lastKnownFileType = sourcecode.c.objc; name = Askpass.m; path = "../Vagrant Manager/Askpass.m"; sourceTree = "<group>"; };
		838A36F7191F53D8006244FA /* PasswordHelper.h */ = {isa = PBXFileReference; fileEncoding = 4; lastKnownFileType = sourcecode.c.h; name = PasswordHelper.h; path = "../Vagrant Manager/PasswordHelper.h"; sourceTree = "<group>"; };
		838A36F8191F53D8006244FA /* PasswordHelper.m */ = {isa = PBXFileReference; fileEncoding = 4; lastKnownFileType = sourcecode.c.objc; name = PasswordHelper.m; path = "../Vagrant Manager/PasswordHelper.m"; sourceTree = "<group>"; };
		838A3701191F5798006244FA /* Foundation.framework */ = {isa = PBXFileReference; lastKnownFileType = wrapper.framework; name = Foundation.framework; path = System/Library/Frameworks/Foundation.framework; sourceTree = SDKROOT; };
		838A3725191F59FE006244FA /* Askpass */ = {isa = PBXFileReference; explicitFileType = "compiled.mach-o.executable"; includeInIndex = 0; path = Askpass; sourceTree = BUILT_PRODUCTS_DIR; };
		838A372B191F59FE006244FA /* Askpass-Prefix.pch */ = {isa = PBXFileReference; lastKnownFileType = sourcecode.c.h; path = "Askpass-Prefix.pch"; sourceTree = "<group>"; };
		838B393318CC78E800A04C15 /* vagrant_logo_off-default.png */ = {isa = PBXFileReference; lastKnownFileType = image.png; path = "vagrant_logo_off-default.png"; sourceTree = "<group>"; };
		838B393B18CC85BC00A04C15 /* vagrant_logo_highlighted-flat.png */ = {isa = PBXFileReference; lastKnownFileType = image.png; path = "vagrant_logo_highlighted-flat.png"; sourceTree = "<group>"; };
		838B393C18CC85BC00A04C15 /* vagrant_logo_off-flat.png */ = {isa = PBXFileReference; lastKnownFileType = image.png; path = "vagrant_logo_off-flat.png"; sourceTree = "<group>"; };
		838B393D18CC85BC00A04C15 /* vagrant_logo_on-flat.png */ = {isa = PBXFileReference; lastKnownFileType = image.png; path = "vagrant_logo_on-flat.png"; sourceTree = "<group>"; };
		83BCB0431921B02600206967 /* Sparkle.framework */ = {isa = PBXFileReference; lastKnownFileType = wrapper.framework; path = Sparkle.framework; sourceTree = "<group>"; };
		83BCB0481921B6BF00206967 /* dsa_pub.pem */ = {isa = PBXFileReference; fileEncoding = 4; lastKnownFileType = text; path = dsa_pub.pem; sourceTree = "<group>"; };
		83C7C81B1945825B007AC491 /* CLIColor.h */ = {isa = PBXFileReference; fileEncoding = 4; lastKnownFileType = sourcecode.c.h; path = CLIColor.h; sourceTree = "<group>"; };
		83C7C81C1945825B007AC491 /* CLIColor.m */ = {isa = PBXFileReference; fileEncoding = 4; lastKnownFileType = sourcecode.c.objc; path = CLIColor.m; sourceTree = "<group>"; };
		83C7C81D1945825B007AC491 /* DDAbstractDatabaseLogger.h */ = {isa = PBXFileReference; fileEncoding = 4; lastKnownFileType = sourcecode.c.h; path = DDAbstractDatabaseLogger.h; sourceTree = "<group>"; };
		83C7C81E1945825B007AC491 /* DDAbstractDatabaseLogger.m */ = {isa = PBXFileReference; fileEncoding = 4; lastKnownFileType = sourcecode.c.objc; path = DDAbstractDatabaseLogger.m; sourceTree = "<group>"; };
		83C7C81F1945825B007AC491 /* DDASLLogCapture.h */ = {isa = PBXFileReference; fileEncoding = 4; lastKnownFileType = sourcecode.c.h; path = DDASLLogCapture.h; sourceTree = "<group>"; };
		83C7C8201945825B007AC491 /* DDASLLogCapture.m */ = {isa = PBXFileReference; fileEncoding = 4; lastKnownFileType = sourcecode.c.objc; path = DDASLLogCapture.m; sourceTree = "<group>"; };
		83C7C8211945825B007AC491 /* DDASLLogger.h */ = {isa = PBXFileReference; fileEncoding = 4; lastKnownFileType = sourcecode.c.h; path = DDASLLogger.h; sourceTree = "<group>"; };
		83C7C8221945825B007AC491 /* DDASLLogger.m */ = {isa = PBXFileReference; fileEncoding = 4; lastKnownFileType = sourcecode.c.objc; path = DDASLLogger.m; sourceTree = "<group>"; };
		83C7C8231945825B007AC491 /* DDFileLogger.h */ = {isa = PBXFileReference; fileEncoding = 4; lastKnownFileType = sourcecode.c.h; path = DDFileLogger.h; sourceTree = "<group>"; };
		83C7C8241945825B007AC491 /* DDFileLogger.m */ = {isa = PBXFileReference; fileEncoding = 4; lastKnownFileType = sourcecode.c.objc; path = DDFileLogger.m; sourceTree = "<group>"; };
		83C7C8251945825B007AC491 /* DDLog+LOGV.h */ = {isa = PBXFileReference; fileEncoding = 4; lastKnownFileType = sourcecode.c.h; path = "DDLog+LOGV.h"; sourceTree = "<group>"; };
		83C7C8261945825B007AC491 /* DDLog.h */ = {isa = PBXFileReference; fileEncoding = 4; lastKnownFileType = sourcecode.c.h; path = DDLog.h; sourceTree = "<group>"; };
		83C7C8271945825B007AC491 /* DDLog.m */ = {isa = PBXFileReference; fileEncoding = 4; lastKnownFileType = sourcecode.c.objc; path = DDLog.m; sourceTree = "<group>"; };
		83C7C8281945825B007AC491 /* DDTTYLogger.h */ = {isa = PBXFileReference; fileEncoding = 4; lastKnownFileType = sourcecode.c.h; path = DDTTYLogger.h; sourceTree = "<group>"; };
		83C7C8291945825B007AC491 /* DDTTYLogger.m */ = {isa = PBXFileReference; fileEncoding = 4; lastKnownFileType = sourcecode.c.objc; path = DDTTYLogger.m; sourceTree = "<group>"; };
		83C7C82B1945825B007AC491 /* DDContextFilterLogFormatter.h */ = {isa = PBXFileReference; fileEncoding = 4; lastKnownFileType = sourcecode.c.h; path = DDContextFilterLogFormatter.h; sourceTree = "<group>"; };
		83C7C82C1945825B007AC491 /* DDContextFilterLogFormatter.m */ = {isa = PBXFileReference; fileEncoding = 4; lastKnownFileType = sourcecode.c.objc; path = DDContextFilterLogFormatter.m; sourceTree = "<group>"; };
		83C7C82D1945825B007AC491 /* DDDispatchQueueLogFormatter.h */ = {isa = PBXFileReference; fileEncoding = 4; lastKnownFileType = sourcecode.c.h; path = DDDispatchQueueLogFormatter.h; sourceTree = "<group>"; };
		83C7C82E1945825B007AC491 /* DDDispatchQueueLogFormatter.m */ = {isa = PBXFileReference; fileEncoding = 4; lastKnownFileType = sourcecode.c.objc; path = DDDispatchQueueLogFormatter.m; sourceTree = "<group>"; };
		83C7C82F1945825B007AC491 /* DDMultiFormatter.h */ = {isa = PBXFileReference; fileEncoding = 4; lastKnownFileType = sourcecode.c.h; path = DDMultiFormatter.h; sourceTree = "<group>"; };
		83C7C8301945825B007AC491 /* DDMultiFormatter.m */ = {isa = PBXFileReference; fileEncoding = 4; lastKnownFileType = sourcecode.c.objc; path = DDMultiFormatter.m; sourceTree = "<group>"; };
		83C7C8311945825B007AC491 /* README.txt */ = {isa = PBXFileReference; fileEncoding = 4; lastKnownFileType = text; path = README.txt; sourceTree = "<group>"; };
		83DB672F192885090008CB57 /* AXTextView.h */ = {isa = PBXFileReference; fileEncoding = 4; lastKnownFileType = sourcecode.c.h; path = AXTextView.h; sourceTree = "<group>"; };
		83DB6730192885090008CB57 /* AXTextView.m */ = {isa = PBXFileReference; fileEncoding = 4; lastKnownFileType = sourcecode.c.objc; path = AXTextView.m; sourceTree = "<group>"; };
		83DB673519288DD90008CB57 /* VagrantInstance.h */ = {isa = PBXFileReference; fileEncoding = 4; lastKnownFileType = sourcecode.c.h; path = VagrantInstance.h; sourceTree = "<group>"; };
		83DB673619288DD90008CB57 /* VagrantInstance.m */ = {isa = PBXFileReference; fileEncoding = 4; lastKnownFileType = sourcecode.c.objc; path = VagrantInstance.m; sourceTree = "<group>"; };
		83DB67381928AC0C0008CB57 /* VagrantMachine.h */ = {isa = PBXFileReference; fileEncoding = 4; lastKnownFileType = sourcecode.c.h; path = VagrantMachine.h; sourceTree = "<group>"; };
		83DB67391928AC0C0008CB57 /* VagrantMachine.m */ = {isa = PBXFileReference; fileEncoding = 4; lastKnownFileType = sourcecode.c.objc; path = VagrantMachine.m; sourceTree = "<group>"; };
		83DB673B1928B3510008CB57 /* VagrantManager.h */ = {isa = PBXFileReference; fileEncoding = 4; lastKnownFileType = sourcecode.c.h; path = VagrantManager.h; sourceTree = "<group>"; };
		83DB673C1928B3510008CB57 /* VagrantManager.m */ = {isa = PBXFileReference; fileEncoding = 4; lastKnownFileType = sourcecode.c.objc; path = VagrantManager.m; sourceTree = "<group>"; };
		83E7CAB21928C2E9001C86F6 /* VirtualMachineInfo.h */ = {isa = PBXFileReference; fileEncoding = 4; lastKnownFileType = sourcecode.c.h; path = VirtualMachineInfo.h; sourceTree = "<group>"; };
		83E7CAB31928C2E9001C86F6 /* VirtualMachineInfo.m */ = {isa = PBXFileReference; fileEncoding = 4; lastKnownFileType = sourcecode.c.objc; path = VirtualMachineInfo.m; sourceTree = "<group>"; };
		83E7CAB81928EFF6001C86F6 /* InstanceMenuItem.h */ = {isa = PBXFileReference; fileEncoding = 4; lastKnownFileType = sourcecode.c.h; path = InstanceMenuItem.h; sourceTree = "<group>"; };
		83E7CAB91928EFF6001C86F6 /* InstanceMenuItem.m */ = {isa = PBXFileReference; fileEncoding = 4; lastKnownFileType = sourcecode.c.objc; path = InstanceMenuItem.m; sourceTree = "<group>"; };
		83E7CAC019290A89001C86F6 /* arrow-down.png */ = {isa = PBXFileReference; lastKnownFileType = image.png; path = "arrow-down.png"; sourceTree = "<group>"; };
		83E7CAC119290A89001C86F6 /* arrow-down@2x.png */ = {isa = PBXFileReference; lastKnownFileType = image.png; path = "arrow-down@2x.png"; sourceTree = "<group>"; };
		83E7CAC41929F135001C86F6 /* arrow-up@2x.png */ = {isa = PBXFileReference; lastKnownFileType = image.png; path = "arrow-up@2x.png"; sourceTree = "<group>"; };
		83E7CAC51929F135001C86F6 /* arrow-up.png */ = {isa = PBXFileReference; lastKnownFileType = image.png; path = "arrow-up.png"; sourceTree = "<group>"; };
		83EAC43218D05E9300FF26A1 /* AddBookmarkWindow.h */ = {isa = PBXFileReference; fileEncoding = 4; lastKnownFileType = sourcecode.c.h; path = AddBookmarkWindow.h; sourceTree = "<group>"; };
		83EAC43318D05E9300FF26A1 /* AddBookmarkWindow.m */ = {isa = PBXFileReference; fileEncoding = 4; lastKnownFileType = sourcecode.c.objc; path = AddBookmarkWindow.m; sourceTree = "<group>"; };
		83EAC43418D05E9300FF26A1 /* AddBookmarkWindow.xib */ = {isa = PBXFileReference; fileEncoding = 4; lastKnownFileType = file.xib; path = AddBookmarkWindow.xib; sourceTree = "<group>"; };
		83EAC43718D067C900FF26A1 /* vagrant_logo_highlighted-clean.png */ = {isa = PBXFileReference; lastKnownFileType = image.png; path = "vagrant_logo_highlighted-clean.png"; sourceTree = "<group>"; };
		83EAC43818D067C900FF26A1 /* vagrant_logo_off-clean@2x.png */ = {isa = PBXFileReference; lastKnownFileType = image.png; path = "vagrant_logo_off-clean@2x.png"; sourceTree = "<group>"; };
		83EAC43918D067C900FF26A1 /* vagrant_logo_on-clean.png */ = {isa = PBXFileReference; lastKnownFileType = image.png; path = "vagrant_logo_on-clean.png"; sourceTree = "<group>"; };
		83F1696D1923789900C54F13 /* VersionComparison.h */ = {isa = PBXFileReference; fileEncoding = 4; lastKnownFileType = sourcecode.c.h; path = VersionComparison.h; sourceTree = "<group>"; };
		83F1696E1923789900C54F13 /* VersionComparison.m */ = {isa = PBXFileReference; fileEncoding = 4; lastKnownFileType = sourcecode.c.objc; path = VersionComparison.m; sourceTree = "<group>"; };
		B1357A6D187CEB3B00811CBC /* Vagrant Manager.app */ = {isa = PBXFileReference; explicitFileType = wrapper.application; includeInIndex = 0; path = "Vagrant Manager.app"; sourceTree = BUILT_PRODUCTS_DIR; };
		B1357A70187CEB3B00811CBC /* Cocoa.framework */ = {isa = PBXFileReference; lastKnownFileType = wrapper.framework; name = Cocoa.framework; path = System/Library/Frameworks/Cocoa.framework; sourceTree = SDKROOT; };
		B1357A73187CEB3B00811CBC /* AppKit.framework */ = {isa = PBXFileReference; lastKnownFileType = wrapper.framework; name = AppKit.framework; path = System/Library/Frameworks/AppKit.framework; sourceTree = SDKROOT; };
		B1357A74187CEB3B00811CBC /* CoreData.framework */ = {isa = PBXFileReference; lastKnownFileType = wrapper.framework; name = CoreData.framework; path = System/Library/Frameworks/CoreData.framework; sourceTree = SDKROOT; };
		B1357A78187CEB3B00811CBC /* Vagrant Manager-Info.plist */ = {isa = PBXFileReference; lastKnownFileType = text.plist.xml; path = "Vagrant Manager-Info.plist"; sourceTree = "<group>"; };
		B1357A7A187CEB3B00811CBC /* en */ = {isa = PBXFileReference; lastKnownFileType = text.plist.strings; name = en; path = en.lproj/InfoPlist.strings; sourceTree = "<group>"; };
		B1357A7C187CEB3B00811CBC /* main.m */ = {isa = PBXFileReference; lastKnownFileType = sourcecode.c.objc; path = main.m; sourceTree = "<group>"; };
		B1357A7E187CEB3B00811CBC /* Vagrant Manager-Prefix.pch */ = {isa = PBXFileReference; lastKnownFileType = sourcecode.c.h; path = "Vagrant Manager-Prefix.pch"; sourceTree = "<group>"; };
		B1357A82187CEB3B00811CBC /* AppDelegate.h */ = {isa = PBXFileReference; lastKnownFileType = sourcecode.c.h; path = AppDelegate.h; sourceTree = "<group>"; };
		B1357A83187CEB3B00811CBC /* AppDelegate.m */ = {isa = PBXFileReference; lastKnownFileType = sourcecode.c.objc; path = AppDelegate.m; sourceTree = "<group>"; };
		B1357A86187CEB3B00811CBC /* Base */ = {isa = PBXFileReference; lastKnownFileType = file.xib; name = Base; path = Base.lproj/MainMenu.xib; sourceTree = "<group>"; };
		B1357A88187CEB3B00811CBC /* Images.xcassets */ = {isa = PBXFileReference; lastKnownFileType = folder.assetcatalog; path = Images.xcassets; sourceTree = "<group>"; };
		B1357ABB187DF58B00811CBC /* vagrant_logo_highlighted-default.png */ = {isa = PBXFileReference; lastKnownFileType = image.png; path = "vagrant_logo_highlighted-default.png"; sourceTree = "<group>"; };
		B1357ABC187DF58C00811CBC /* vagrant_logo_on-default.png */ = {isa = PBXFileReference; lastKnownFileType = image.png; path = "vagrant_logo_on-default.png"; sourceTree = "<group>"; };
		B13DC35919232782002E5A50 /* VirtualBoxServiceProvider.h */ = {isa = PBXFileReference; fileEncoding = 4; lastKnownFileType = sourcecode.c.h; path = VirtualBoxServiceProvider.h; sourceTree = "<group>"; };
		B13DC35A19232782002E5A50 /* VirtualBoxServiceProvider.m */ = {isa = PBXFileReference; fileEncoding = 4; lastKnownFileType = sourcecode.c.objc; path = VirtualBoxServiceProvider.m; sourceTree = "<group>"; };
		B13DC35E19233051002E5A50 /* VirtualBoxMachineInfo.h */ = {isa = PBXFileReference; fileEncoding = 4; lastKnownFileType = sourcecode.c.h; path = VirtualBoxMachineInfo.h; sourceTree = "<group>"; };
		B13DC35F19233051002E5A50 /* VirtualBoxMachineInfo.m */ = {isa = PBXFileReference; fileEncoding = 4; lastKnownFileType = sourcecode.c.objc; path = VirtualBoxMachineInfo.m; sourceTree = "<group>"; };
		B150011C1924940A000A76E7 /* vagrant_logo_off-clean.png */ = {isa = PBXFileReference; lastKnownFileType = image.png; path = "vagrant_logo_off-clean.png"; sourceTree = "<group>"; };
		B150011F19249645000A76E7 /* vagrant_logo_on-clean@2x.png */ = {isa = PBXFileReference; lastKnownFileType = image.png; path = "vagrant_logo_on-clean@2x.png"; sourceTree = "<group>"; };
		B1500121192496E9000A76E7 /* vagrant_logo_highlighted-clean@2x.png */ = {isa = PBXFileReference; lastKnownFileType = image.png; path = "vagrant_logo_highlighted-clean@2x.png"; sourceTree = "<group>"; };
		B150012319249833000A76E7 /* vagrant_logo_on-default@2x.png */ = {isa = PBXFileReference; lastKnownFileType = image.png; path = "vagrant_logo_on-default@2x.png"; sourceTree = "<group>"; };
		B150012519249896000A76E7 /* vagrant_logo_off-default@2x.png */ = {isa = PBXFileReference; lastKnownFileType = image.png; path = "vagrant_logo_off-default@2x.png"; sourceTree = "<group>"; };
		B1500127192498DD000A76E7 /* vagrant_logo_highlighted-default@2x.png */ = {isa = PBXFileReference; lastKnownFileType = image.png; path = "vagrant_logo_highlighted-default@2x.png"; sourceTree = "<group>"; };
		B150012919249B19000A76E7 /* problem@2x.png */ = {isa = PBXFileReference; lastKnownFileType = image.png; path = "problem@2x.png"; sourceTree = "<group>"; };
		B150012B19249C34000A76E7 /* vagrant_logo_off-flat@2x.png */ = {isa = PBXFileReference; lastKnownFileType = image.png; path = "vagrant_logo_off-flat@2x.png"; sourceTree = "<group>"; };
		B150012D19249CA2000A76E7 /* vagrant_logo_on-flat@2x.png */ = {isa = PBXFileReference; lastKnownFileType = image.png; path = "vagrant_logo_on-flat@2x.png"; sourceTree = "<group>"; };
		B150012F19249D06000A76E7 /* vagrant_logo_highlighted-flat@2x.png */ = {isa = PBXFileReference; lastKnownFileType = image.png; path = "vagrant_logo_highlighted-flat@2x.png"; sourceTree = "<group>"; };
		B150013119249FFD000A76E7 /* off@2x.png */ = {isa = PBXFileReference; lastKnownFileType = image.png; path = "off@2x.png"; sourceTree = "<group>"; };
		B150013219249FFD000A76E7 /* on@2x.png */ = {isa = PBXFileReference; lastKnownFileType = image.png; path = "on@2x.png"; sourceTree = "<group>"; };
		B15001351924A02C000A76E7 /* suspended@2x.png */ = {isa = PBXFileReference; lastKnownFileType = image.png; path = "suspended@2x.png"; sourceTree = "<group>"; };
		B17AA1891887A75300B4C274 /* Util.h */ = {isa = PBXFileReference; fileEncoding = 4; lastKnownFileType = sourcecode.c.h; path = Util.h; sourceTree = "<group>"; };
		B17AA18A1887A75300B4C274 /* Util.m */ = {isa = PBXFileReference; fileEncoding = 4; lastKnownFileType = sourcecode.c.objc; path = Util.m; sourceTree = "<group>"; };
		B17AA18C1887CA4600B4C274 /* PreferencesWindow.h */ = {isa = PBXFileReference; fileEncoding = 4; lastKnownFileType = sourcecode.c.h; path = PreferencesWindow.h; sourceTree = "<group>"; };
		B17AA18D1887CA4600B4C274 /* PreferencesWindow.m */ = {isa = PBXFileReference; fileEncoding = 4; lastKnownFileType = sourcecode.c.objc; path = PreferencesWindow.m; sourceTree = "<group>"; };
		B17AA18E1887CA4600B4C274 /* PreferencesWindow.xib */ = {isa = PBXFileReference; fileEncoding = 4; lastKnownFileType = file.xib; path = PreferencesWindow.xib; sourceTree = "<group>"; };
		B17AA1931887DA5800B4C274 /* problem.png */ = {isa = PBXFileReference; lastKnownFileType = image.png; path = problem.png; sourceTree = "<group>"; };
		B17AA1971887DB8C00B4C274 /* off.png */ = {isa = PBXFileReference; lastKnownFileType = image.png; path = off.png; sourceTree = "<group>"; };
		B17AA1981887DB8C00B4C274 /* on.png */ = {isa = PBXFileReference; lastKnownFileType = image.png; path = on.png; sourceTree = "<group>"; };
		B1A5DE7D192354E900AF0CA5 /* VirtualMachineServiceProvider.h */ = {isa = PBXFileReference; lastKnownFileType = sourcecode.c.h; path = VirtualMachineServiceProvider.h; sourceTree = "<group>"; };
		B1FAFC781920B62D009F0F86 /* suspended.png */ = {isa = PBXFileReference; lastKnownFileType = image.png; path = suspended.png; sourceTree = "<group>"; };
/* End PBXFileReference section */

/* Begin PBXFrameworksBuildPhase section */
		838A3722191F59FE006244FA /* Frameworks */ = {
			isa = PBXFrameworksBuildPhase;
			buildActionMask = 2147483647;
			files = (
				838A3733191F5A8B006244FA /* Security.framework in Frameworks */,
				838A3726191F59FE006244FA /* Foundation.framework in Frameworks */,
			);
			runOnlyForDeploymentPostprocessing = 0;
		};
		B1357A6A187CEB3B00811CBC /* Frameworks */ = {
			isa = PBXFrameworksBuildPhase;
			buildActionMask = 2147483647;
			files = (
				838A36FB191F56E4006244FA /* Security.framework in Frameworks */,
				8308E135188668A1001E0B45 /* WebKit.framework in Frameworks */,
				B1357A71187CEB3B00811CBC /* Cocoa.framework in Frameworks */,
				83BCB0441921B02600206967 /* Sparkle.framework in Frameworks */,
			);
			runOnlyForDeploymentPostprocessing = 0;
		};
/* End PBXFrameworksBuildPhase section */

/* Begin PBXGroup section */
		8372138319272A5E0052206D /* AXStatusItemPopup */ = {
			isa = PBXGroup;
			children = (
				8372138419272A5E0052206D /* AXStatusItemPopup.h */,
				8372138519272A5E0052206D /* AXStatusItemPopup.m */,
				83DB672F192885090008CB57 /* AXTextView.h */,
				83DB6730192885090008CB57 /* AXTextView.m */,
			);
			path = AXStatusItemPopup;
			sourceTree = "<group>";
		};
		8372139219274DDD0052206D /* Views */ = {
			isa = PBXGroup;
			children = (
			);
			name = Views;
			sourceTree = "<group>";
		};
		83721396192757EA0052206D /* Icons */ = {
			isa = PBXGroup;
			children = (
				837213AB1927599D0052206D /* refresh@2x.png */,
				837213A91927591F0052206D /* info@2x.png */,
				837213A7192758CE0052206D /* close@2x.png */,
				837213A5192758890052206D /* gear@2x.png */,
				83721397192758020052206D /* gear.png */,
				83721398192758020052206D /* radio.png */,
				83721399192758020052206D /* about.png */,
				8372139A192758020052206D /* close.png */,
				8372139B192758020052206D /* info.png */,
				8372139C192758020052206D /* refresh.png */,
				8372139D192758020052206D /* plus.png */,
			);
			name = Icons;
			sourceTree = "<group>";
		};
		838A111718839D6900A5E6DB /* Images */ = {
			isa = PBXGroup;
			children = (
				83E7CAC41929F135001C86F6 /* arrow-up@2x.png */,
				83E7CAC51929F135001C86F6 /* arrow-up.png */,
				83E7CAC019290A89001C86F6 /* arrow-down.png */,
				83E7CAC119290A89001C86F6 /* arrow-down@2x.png */,
				83721396192757EA0052206D /* Icons */,
				83721390192737B40052206D /* logo.png */,
				8372138E192732330052206D /* lanayo.png */,
				B1500121192496E9000A76E7 /* vagrant_logo_highlighted-clean@2x.png */,
				83EAC43718D067C900FF26A1 /* vagrant_logo_highlighted-clean.png */,
				83EAC43818D067C900FF26A1 /* vagrant_logo_off-clean@2x.png */,
				B150011C1924940A000A76E7 /* vagrant_logo_off-clean.png */,
				B150011F19249645000A76E7 /* vagrant_logo_on-clean@2x.png */,
				83EAC43918D067C900FF26A1 /* vagrant_logo_on-clean.png */,
				B150012F19249D06000A76E7 /* vagrant_logo_highlighted-flat@2x.png */,
				838B393B18CC85BC00A04C15 /* vagrant_logo_highlighted-flat.png */,
				B150012B19249C34000A76E7 /* vagrant_logo_off-flat@2x.png */,
				838B393C18CC85BC00A04C15 /* vagrant_logo_off-flat.png */,
				B150012D19249CA2000A76E7 /* vagrant_logo_on-flat@2x.png */,
				838B393D18CC85BC00A04C15 /* vagrant_logo_on-flat.png */,
				B1500127192498DD000A76E7 /* vagrant_logo_highlighted-default@2x.png */,
				B1357ABB187DF58B00811CBC /* vagrant_logo_highlighted-default.png */,
				B150012319249833000A76E7 /* vagrant_logo_on-default@2x.png */,
				B1357ABC187DF58C00811CBC /* vagrant_logo_on-default.png */,
				B150012519249896000A76E7 /* vagrant_logo_off-default@2x.png */,
				838B393318CC78E800A04C15 /* vagrant_logo_off-default.png */,
				B150013119249FFD000A76E7 /* off@2x.png */,
				B17AA1971887DB8C00B4C274 /* off.png */,
				B15001351924A02C000A76E7 /* suspended@2x.png */,
				B1FAFC781920B62D009F0F86 /* suspended.png */,
				B150013219249FFD000A76E7 /* on@2x.png */,
				B17AA1981887DB8C00B4C274 /* on.png */,
				B150012919249B19000A76E7 /* problem@2x.png */,
				B17AA1931887DA5800B4C274 /* problem.png */,
			);
			name = Images;
			sourceTree = "<group>";
		};
		838A111818839D8200A5E6DB /* App */ = {
			isa = PBXGroup;
			children = (
				B1357A82187CEB3B00811CBC /* AppDelegate.h */,
				B1357A83187CEB3B00811CBC /* AppDelegate.m */,
				B1357A85187CEB3B00811CBC /* MainMenu.xib */,
				8372138719272CB00052206D /* PopupContentViewController.h */,
				8372138819272CB00052206D /* PopupContentViewController.m */,
				8372138919272CB00052206D /* PopupContentViewController.xib */,
				837213BA192769020052206D /* MachineMenuItem.h */,
				837213BB192769020052206D /* MachineMenuItem.m */,
				83E7CAB81928EFF6001C86F6 /* InstanceMenuItem.h */,
				83E7CAB91928EFF6001C86F6 /* InstanceMenuItem.m */,
				830D0638192F2F310043CE3C /* InstanceRowView.h */,
				830D0639192F2F310043CE3C /* InstanceRowView.m */,
				830D063B192F69190043CE3C /* MenuItemObject.h */,
				830D063C192F69190043CE3C /* MenuItemObject.m */,
				830D063E192F822B0043CE3C /* InstanceActionsMenuItem.h */,
				830D063F192F822B0043CE3C /* InstanceActionsMenuItem.m */,
			);
			name = App;
			sourceTree = "<group>";
		};
		838A111918839D8E00A5E6DB /* Windows */ = {
			isa = PBXGroup;
			children = (
				8339DC9E187E756B0036E162 /* TaskOutputWindow.h */,
				8339DC9F187E756B0036E162 /* TaskOutputWindow.m */,
				8339DCA0187E756B0036E162 /* TaskOutputWindow.xib */,
				8308E12F188662BD001E0B45 /* AboutWindow.h */,
				8308E130188662BD001E0B45 /* AboutWindow.m */,
				8308E131188662BD001E0B45 /* AboutWindow.xib */,
				8308E13918868D52001E0B45 /* VirtualMachineInfoWindow.h */,
				8308E13A18868D52001E0B45 /* VirtualMachineInfoWindow.m */,
				8308E13B18868D52001E0B45 /* VirtualMachineInfoWindow.xib */,
				B17AA18C1887CA4600B4C274 /* PreferencesWindow.h */,
				B17AA18D1887CA4600B4C274 /* PreferencesWindow.m */,
				B17AA18E1887CA4600B4C274 /* PreferencesWindow.xib */,
				83EAC43218D05E9300FF26A1 /* AddBookmarkWindow.h */,
				83EAC43318D05E9300FF26A1 /* AddBookmarkWindow.m */,
				83EAC43418D05E9300FF26A1 /* AddBookmarkWindow.xib */,
			);
			name = Windows;
			sourceTree = "<group>";
		};
		838A111A18839E1100A5E6DB /* Data */ = {
			isa = PBXGroup;
			children = (
				83E7CAB21928C2E9001C86F6 /* VirtualMachineInfo.h */,
				83E7CAB31928C2E9001C86F6 /* VirtualMachineInfo.m */,
				B13DC35E19233051002E5A50 /* VirtualBoxMachineInfo.h */,
				B13DC35F19233051002E5A50 /* VirtualBoxMachineInfo.m */,
				8308E13E18869FAC001E0B45 /* Bookmark.h */,
				8308E13F18869FAC001E0B45 /* Bookmark.m */,
				B13DC35919232782002E5A50 /* VirtualBoxServiceProvider.h */,
				B13DC35A19232782002E5A50 /* VirtualBoxServiceProvider.m */,
				B1A5DE7D192354E900AF0CA5 /* VirtualMachineServiceProvider.h */,
				83DB673519288DD90008CB57 /* VagrantInstance.h */,
				83DB673619288DD90008CB57 /* VagrantInstance.m */,
				83DB67381928AC0C0008CB57 /* VagrantMachine.h */,
				83DB67391928AC0C0008CB57 /* VagrantMachine.m */,
				83DB673B1928B3510008CB57 /* VagrantManager.h */,
				83DB673C1928B3510008CB57 /* VagrantManager.m */,
			);
			name = Data;
			sourceTree = "<group>";
		};
		838A3727191F59FE006244FA /* Askpass */ = {
			isa = PBXGroup;
			children = (
				838A372A191F59FE006244FA /* Supporting Files */,
			);
			path = Askpass;
			sourceTree = "<group>";
		};
		838A372A191F59FE006244FA /* Supporting Files */ = {
			isa = PBXGroup;
			children = (
				838A36F6191F53D8006244FA /* Askpass.m */,
				838A36F7191F53D8006244FA /* PasswordHelper.h */,
				838A36F8191F53D8006244FA /* PasswordHelper.m */,
				838A372B191F59FE006244FA /* Askpass-Prefix.pch */,
			);
			name = "Supporting Files";
			sourceTree = "<group>";
		};
		83C7C8191945825B007AC491 /* Lumberjack */ = {
			isa = PBXGroup;
			children = (
				83C7C81A1945825B007AC491 /* CLI */,
				83C7C81D1945825B007AC491 /* DDAbstractDatabaseLogger.h */,
				83C7C81E1945825B007AC491 /* DDAbstractDatabaseLogger.m */,
				83C7C81F1945825B007AC491 /* DDASLLogCapture.h */,
				83C7C8201945825B007AC491 /* DDASLLogCapture.m */,
				83C7C8211945825B007AC491 /* DDASLLogger.h */,
				83C7C8221945825B007AC491 /* DDASLLogger.m */,
				83C7C8231945825B007AC491 /* DDFileLogger.h */,
				83C7C8241945825B007AC491 /* DDFileLogger.m */,
				83C7C8251945825B007AC491 /* DDLog+LOGV.h */,
				83C7C8261945825B007AC491 /* DDLog.h */,
				83C7C8271945825B007AC491 /* DDLog.m */,
				83C7C8281945825B007AC491 /* DDTTYLogger.h */,
				83C7C8291945825B007AC491 /* DDTTYLogger.m */,
				83C7C82A1945825B007AC491 /* Extensions */,
			);
			path = Lumberjack;
			sourceTree = "<group>";
		};
		83C7C81A1945825B007AC491 /* CLI */ = {
			isa = PBXGroup;
			children = (
				83C7C81B1945825B007AC491 /* CLIColor.h */,
				83C7C81C1945825B007AC491 /* CLIColor.m */,
			);
			path = CLI;
			sourceTree = "<group>";
		};
		83C7C82A1945825B007AC491 /* Extensions */ = {
			isa = PBXGroup;
			children = (
				83C7C82B1945825B007AC491 /* DDContextFilterLogFormatter.h */,
				83C7C82C1945825B007AC491 /* DDContextFilterLogFormatter.m */,
				83C7C82D1945825B007AC491 /* DDDispatchQueueLogFormatter.h */,
				83C7C82E1945825B007AC491 /* DDDispatchQueueLogFormatter.m */,
				83C7C82F1945825B007AC491 /* DDMultiFormatter.h */,
				83C7C8301945825B007AC491 /* DDMultiFormatter.m */,
				83C7C8311945825B007AC491 /* README.txt */,
			);
			path = Extensions;
			sourceTree = "<group>";
		};
		B1357A64187CEB3B00811CBC = {
			isa = PBXGroup;
			children = (
				B1357A76187CEB3B00811CBC /* Vagrant Manager */,
				838A3727191F59FE006244FA /* Askpass */,
				B1357A6F187CEB3B00811CBC /* Frameworks */,
				B1357A6E187CEB3B00811CBC /* Products */,
			);
			sourceTree = "<group>";
		};
		B1357A6E187CEB3B00811CBC /* Products */ = {
			isa = PBXGroup;
			children = (
				B1357A6D187CEB3B00811CBC /* Vagrant Manager.app */,
				838A3725191F59FE006244FA /* Askpass */,
			);
			name = Products;
			sourceTree = "<group>";
		};
		B1357A6F187CEB3B00811CBC /* Frameworks */ = {
			isa = PBXGroup;
			children = (
				83BCB0431921B02600206967 /* Sparkle.framework */,
				832784C918A7483900222C71 /* Security.framework */,
				8308E134188668A1001E0B45 /* WebKit.framework */,
				B1357A70187CEB3B00811CBC /* Cocoa.framework */,
				838A3701191F5798006244FA /* Foundation.framework */,
				B1357A72187CEB3B00811CBC /* Other Frameworks */,
			);
			name = Frameworks;
			sourceTree = "<group>";
		};
		B1357A72187CEB3B00811CBC /* Other Frameworks */ = {
			isa = PBXGroup;
			children = (
				B1357A73187CEB3B00811CBC /* AppKit.framework */,
				B1357A74187CEB3B00811CBC /* CoreData.framework */,
			);
			name = "Other Frameworks";
			sourceTree = "<group>";
		};
		B1357A76187CEB3B00811CBC /* Vagrant Manager */ = {
			isa = PBXGroup;
			children = (
				8372139219274DDD0052206D /* Views */,
				838A111A18839E1100A5E6DB /* Data */,
				838A111918839D8E00A5E6DB /* Windows */,
				838A111818839D8200A5E6DB /* App */,
				838A111718839D6900A5E6DB /* Images */,
				B1357A88187CEB3B00811CBC /* Images.xcassets */,
				B1357A77187CEB3B00811CBC /* Supporting Files */,
			);
			path = "Vagrant Manager";
			sourceTree = "<group>";
		};
		B1357A77187CEB3B00811CBC /* Supporting Files */ = {
			isa = PBXGroup;
			children = (
				83C7C8191945825B007AC491 /* Lumberjack */,
				8372138319272A5E0052206D /* AXStatusItemPopup */,
				83BCB0481921B6BF00206967 /* dsa_pub.pem */,
				8360A05818C2B39B002EA89B /* Environment.h */,
				8360A05918C2B39B002EA89B /* Environment.m */,
				B1357A78187CEB3B00811CBC /* Vagrant Manager-Info.plist */,
				B1357A79187CEB3B00811CBC /* InfoPlist.strings */,
				B1357A7C187CEB3B00811CBC /* main.m */,
				B1357A7E187CEB3B00811CBC /* Vagrant Manager-Prefix.pch */,
				B17AA1891887A75300B4C274 /* Util.h */,
				B17AA18A1887A75300B4C274 /* Util.m */,
				8360A05618C2B37F002EA89B /* Environments.plist */,
				83F1696D1923789900C54F13 /* VersionComparison.h */,
				83F1696E1923789900C54F13 /* VersionComparison.m */,
			);
			name = "Supporting Files";
			sourceTree = "<group>";
		};
/* End PBXGroup section */

/* Begin PBXNativeTarget section */
		838A3724191F59FE006244FA /* Askpass */ = {
			isa = PBXNativeTarget;
			buildConfigurationList = 838A372E191F59FE006244FA /* Build configuration list for PBXNativeTarget "Askpass" */;
			buildPhases = (
				838A3721191F59FE006244FA /* Sources */,
				838A3722191F59FE006244FA /* Frameworks */,
				838A3723191F59FE006244FA /* CopyFiles */,
			);
			buildRules = (
			);
			dependencies = (
			);
			name = Askpass;
			productName = Askpass;
			productReference = 838A3725191F59FE006244FA /* Askpass */;
			productType = "com.apple.product-type.tool";
		};
		B1357A6C187CEB3B00811CBC /* Vagrant Manager */ = {
			isa = PBXNativeTarget;
			buildConfigurationList = B1357A9E187CEB3B00811CBC /* Build configuration list for PBXNativeTarget "Vagrant Manager" */;
			buildPhases = (
				B1357A69187CEB3B00811CBC /* Sources */,
				B1357A6A187CEB3B00811CBC /* Frameworks */,
				B1357A6B187CEB3B00811CBC /* Resources */,
				83BCB0451921B1AA00206967 /* CopyFiles */,
			);
			buildRules = (
			);
			dependencies = (
				838A3735191F5A9D006244FA /* PBXTargetDependency */,
			);
			name = "Vagrant Manager";
			productName = "Vagrant Manager";
			productReference = B1357A6D187CEB3B00811CBC /* Vagrant Manager.app */;
			productType = "com.apple.product-type.application";
		};
/* End PBXNativeTarget section */

/* Begin PBXProject section */
		B1357A65187CEB3B00811CBC /* Project object */ = {
			isa = PBXProject;
			attributes = {
				LastUpgradeCheck = 0500;
				ORGANIZATIONNAME = Lanayo;
			};
			buildConfigurationList = B1357A68187CEB3B00811CBC /* Build configuration list for PBXProject "Vagrant Manager" */;
			compatibilityVersion = "Xcode 3.2";
			developmentRegion = English;
			hasScannedForEncodings = 0;
			knownRegions = (
				en,
				Base,
			);
			mainGroup = B1357A64187CEB3B00811CBC;
			productRefGroup = B1357A6E187CEB3B00811CBC /* Products */;
			projectDirPath = "";
			projectRoot = "";
			targets = (
				B1357A6C187CEB3B00811CBC /* Vagrant Manager */,
				838A3724191F59FE006244FA /* Askpass */,
			);
		};
/* End PBXProject section */

/* Begin PBXResourcesBuildPhase section */
		B1357A6B187CEB3B00811CBC /* Resources */ = {
			isa = PBXResourcesBuildPhase;
			buildActionMask = 2147483647;
			files = (
				B150012019249645000A76E7 /* vagrant_logo_on-clean@2x.png in Resources */,
				8372138F192732330052206D /* lanayo.png in Resources */,
				837213AC1927599D0052206D /* refresh@2x.png in Resources */,
				838A3736191F5AAB006244FA /* Askpass in Resources */,
				83EAC43C18D067C900FF26A1 /* vagrant_logo_on-clean.png in Resources */,
				83721391192737B40052206D /* logo.png in Resources */,
				838B393418CC78E800A04C15 /* vagrant_logo_off-default.png in Resources */,
				8372139F192758020052206D /* radio.png in Resources */,
				B1357A7B187CEB3B00811CBC /* InfoPlist.strings in Resources */,
				B17AA1991887DB8C00B4C274 /* off.png in Resources */,
				8372139E192758020052206D /* gear.png in Resources */,
				B17AA19A1887DB8C00B4C274 /* on.png in Resources */,
				B150013419249FFD000A76E7 /* on@2x.png in Resources */,
				B150012619249896000A76E7 /* vagrant_logo_off-default@2x.png in Resources */,
				8339DCA2187E756B0036E162 /* TaskOutputWindow.xib in Resources */,
				B1357ABD187DF58C00811CBC /* vagrant_logo_highlighted-default.png in Resources */,
				83C7C83C1945825B007AC491 /* README.txt in Resources */,
				B17AA1901887CA4600B4C274 /* PreferencesWindow.xib in Resources */,
				B150012E19249CA2000A76E7 /* vagrant_logo_on-flat@2x.png in Resources */,
				B150011D1924940A000A76E7 /* vagrant_logo_off-clean.png in Resources */,
				837213A1192758020052206D /* close.png in Resources */,
				B1500122192496E9000A76E7 /* vagrant_logo_highlighted-clean@2x.png in Resources */,
				B1357A89187CEB3B00811CBC /* Images.xcassets in Resources */,
				8372138B19272CB00052206D /* PopupContentViewController.xib in Resources */,
				B15001361924A02C000A76E7 /* suspended@2x.png in Resources */,
				B1357A87187CEB3B00811CBC /* MainMenu.xib in Resources */,
				83EAC43B18D067C900FF26A1 /* vagrant_logo_off-clean@2x.png in Resources */,
				83E7CAC71929F135001C86F6 /* arrow-up.png in Resources */,
				837213A8192758CE0052206D /* close@2x.png in Resources */,
				83EAC43B18D067C900FF26A1 /* vagrant_logo_off-clean@2x.png in Resources */,
				83BCB0491921B6BF00206967 /* dsa_pub.pem in Resources */,
				838B393E18CC85BC00A04C15 /* vagrant_logo_highlighted-flat.png in Resources */,
				83EAC43618D05E9300FF26A1 /* AddBookmarkWindow.xib in Resources */,
				B150012419249833000A76E7 /* vagrant_logo_on-default@2x.png in Resources */,
				837213A3192758020052206D /* refresh.png in Resources */,
				B150012A19249B19000A76E7 /* problem@2x.png in Resources */,
				83E7CAC219290A89001C86F6 /* arrow-down.png in Resources */,
				B150013019249D06000A76E7 /* vagrant_logo_highlighted-flat@2x.png in Resources */,
				837213A0192758020052206D /* about.png in Resources */,
				B150012C19249C34000A76E7 /* vagrant_logo_off-flat@2x.png in Resources */,
				8308E133188662BD001E0B45 /* AboutWindow.xib in Resources */,
				837213A6192758890052206D /* gear@2x.png in Resources */,
				8360A05718C2B37F002EA89B /* Environments.plist in Resources */,
				837213AA1927591F0052206D /* info@2x.png in Resources */,
				83EAC43A18D067C900FF26A1 /* vagrant_logo_highlighted-clean.png in Resources */,
				B1357ABE187DF58C00811CBC /* vagrant_logo_on-default.png in Resources */,
				B1500128192498DD000A76E7 /* vagrant_logo_highlighted-default@2x.png in Resources */,
				B1FAFC791920B62D009F0F86 /* suspended.png in Resources */,
				838B394018CC85BC00A04C15 /* vagrant_logo_on-flat.png in Resources */,
				83E7CAC61929F135001C86F6 /* arrow-up@2x.png in Resources */,
				B150013319249FFD000A76E7 /* off@2x.png in Resources */,
				838B393F18CC85BC00A04C15 /* vagrant_logo_off-flat.png in Resources */,
				837213A2192758020052206D /* info.png in Resources */,
				8308E13D18868D52001E0B45 /* VirtualMachineInfoWindow.xib in Resources */,
				B17AA1961887DA5800B4C274 /* problem.png in Resources */,
				83E7CAC319290A89001C86F6 /* arrow-down@2x.png in Resources */,
				837213A4192758020052206D /* plus.png in Resources */,
			);
			runOnlyForDeploymentPostprocessing = 0;
		};
/* End PBXResourcesBuildPhase section */

/* Begin PBXSourcesBuildPhase section */
		838A3721191F59FE006244FA /* Sources */ = {
			isa = PBXSourcesBuildPhase;
			buildActionMask = 2147483647;
			files = (
				838A3731191F5A0F006244FA /* Askpass.m in Sources */,
				838A3732191F5A0F006244FA /* PasswordHelper.m in Sources */,
			);
			runOnlyForDeploymentPostprocessing = 0;
		};
		B1357A69187CEB3B00811CBC /* Sources */ = {
			isa = PBXSourcesBuildPhase;
			buildActionMask = 2147483647;
			files = (
				83DB673719288DD90008CB57 /* VagrantInstance.m in Sources */,
				83E7CAB41928C2E9001C86F6 /* VirtualMachineInfo.m in Sources */,
				83C7C8341945825B007AC491 /* DDASLLogCapture.m in Sources */,
				83C7C8391945825B007AC491 /* DDContextFilterLogFormatter.m in Sources */,
				83DB673A1928AC0C0008CB57 /* VagrantMachine.m in Sources */,
				83C7C83A1945825B007AC491 /* DDDispatchQueueLogFormatter.m in Sources */,
				83EAC43518D05E9300FF26A1 /* AddBookmarkWindow.m in Sources */,
				B1357A84187CEB3B00811CBC /* AppDelegate.m in Sources */,
				83C7C8331945825B007AC491 /* DDAbstractDatabaseLogger.m in Sources */,
				830D063A192F2F310043CE3C /* InstanceRowView.m in Sources */,
				83C7C83B1945825B007AC491 /* DDMultiFormatter.m in Sources */,
				83C7C8321945825B007AC491 /* CLIColor.m in Sources */,
				8360A05A18C2B39B002EA89B /* Environment.m in Sources */,
				830D063D192F69190043CE3C /* MenuItemObject.m in Sources */,
				8308E13C18868D52001E0B45 /* VirtualMachineInfoWindow.m in Sources */,
				8372138A19272CB00052206D /* PopupContentViewController.m in Sources */,
				8308E14018869FAC001E0B45 /* Bookmark.m in Sources */,
				83E7CABB1928EFF6001C86F6 /* InstanceMenuItem.m in Sources */,
				83DB673D1928B3510008CB57 /* VagrantManager.m in Sources */,
				8308E132188662BD001E0B45 /* AboutWindow.m in Sources */,
				83C7C8381945825B007AC491 /* DDTTYLogger.m in Sources */,
				8372138619272A5E0052206D /* AXStatusItemPopup.m in Sources */,
				83C7C8371945825B007AC491 /* DDLog.m in Sources */,
				83DB6731192885090008CB57 /* AXTextView.m in Sources */,
				83C7C8361945825B007AC491 /* DDFileLogger.m in Sources */,
				B13DC35B19232782002E5A50 /* VirtualBoxServiceProvider.m in Sources */,
				837213BC192769020052206D /* MachineMenuItem.m in Sources */,
				B13DC36019233051002E5A50 /* VirtualBoxMachineInfo.m in Sources */,
				830D0640192F822B0043CE3C /* InstanceActionsMenuItem.m in Sources */,
				83C7C8351945825B007AC491 /* DDASLLogger.m in Sources */,
				8339DCA1187E756B0036E162 /* TaskOutputWindow.m in Sources */,
				B1357A7D187CEB3B00811CBC /* main.m in Sources */,
				B17AA18B1887A75300B4C274 /* Util.m in Sources */,
				B17AA18F1887CA4600B4C274 /* PreferencesWindow.m in Sources */,
				83F1696F1923789900C54F13 /* VersionComparison.m in Sources */,
			);
			runOnlyForDeploymentPostprocessing = 0;
		};
/* End PBXSourcesBuildPhase section */

/* Begin PBXTargetDependency section */
		838A3735191F5A9D006244FA /* PBXTargetDependency */ = {
			isa = PBXTargetDependency;
			target = 838A3724191F59FE006244FA /* Askpass */;
			targetProxy = 838A3734191F5A9D006244FA /* PBXContainerItemProxy */;
		};
/* End PBXTargetDependency section */

/* Begin PBXVariantGroup section */
		B1357A79187CEB3B00811CBC /* InfoPlist.strings */ = {
			isa = PBXVariantGroup;
			children = (
				B1357A7A187CEB3B00811CBC /* en */,
			);
			name = InfoPlist.strings;
			sourceTree = "<group>";
		};
		B1357A85187CEB3B00811CBC /* MainMenu.xib */ = {
			isa = PBXVariantGroup;
			children = (
				B1357A86187CEB3B00811CBC /* Base */,
			);
			name = MainMenu.xib;
			sourceTree = "<group>";
		};
/* End PBXVariantGroup section */

/* Begin XCBuildConfiguration section */
		838A372F191F59FE006244FA /* Debug */ = {
			isa = XCBuildConfiguration;
			buildSettings = {
				CLANG_ENABLE_MODULES = YES;
				GCC_PRECOMPILE_PREFIX_HEADER = YES;
				GCC_PREFIX_HEADER = "Askpass/Askpass-Prefix.pch";
				GCC_PREPROCESSOR_DEFINITIONS = (
					"DEBUG=1",
					"$(inherited)",
				);
				GCC_WARN_UNINITIALIZED_AUTOS = YES_AGGRESSIVE;
				PRODUCT_NAME = "$(TARGET_NAME)";
				SKIP_INSTALL = YES;
			};
			name = Debug;
		};
		838A3730191F59FE006244FA /* Release */ = {
			isa = XCBuildConfiguration;
			buildSettings = {
				CLANG_ENABLE_MODULES = YES;
				GCC_PRECOMPILE_PREFIX_HEADER = YES;
				GCC_PREFIX_HEADER = "Askpass/Askpass-Prefix.pch";
				GCC_WARN_UNINITIALIZED_AUTOS = YES_AGGRESSIVE;
				PRODUCT_NAME = "$(TARGET_NAME)";
				SKIP_INSTALL = YES;
			};
			name = Release;
		};
		B1357A9C187CEB3B00811CBC /* Debug */ = {
			isa = XCBuildConfiguration;
			buildSettings = {
				ALWAYS_SEARCH_USER_PATHS = NO;
				CLANG_CXX_LANGUAGE_STANDARD = "gnu++0x";
				CLANG_CXX_LIBRARY = "libc++";
				CLANG_ENABLE_OBJC_ARC = YES;
				CLANG_WARN_BOOL_CONVERSION = YES;
				CLANG_WARN_CONSTANT_CONVERSION = YES;
				CLANG_WARN_DIRECT_OBJC_ISA_USAGE = YES_ERROR;
				CLANG_WARN_EMPTY_BODY = YES;
				CLANG_WARN_ENUM_CONVERSION = YES;
				CLANG_WARN_INT_CONVERSION = YES;
				CLANG_WARN_OBJC_ROOT_CLASS = YES_ERROR;
				CLANG_WARN__DUPLICATE_METHOD_MATCH = YES;
				COPY_PHASE_STRIP = NO;
				GCC_C_LANGUAGE_STANDARD = gnu99;
				GCC_DYNAMIC_NO_PIC = NO;
				GCC_ENABLE_OBJC_EXCEPTIONS = YES;
				GCC_OPTIMIZATION_LEVEL = 0;
				GCC_PREPROCESSOR_DEFINITIONS = (
					"DEBUG=1",
					"$(inherited)",
				);
				GCC_SYMBOLS_PRIVATE_EXTERN = NO;
				GCC_WARN_64_TO_32_BIT_CONVERSION = YES;
				GCC_WARN_ABOUT_RETURN_TYPE = YES_ERROR;
				GCC_WARN_UNDECLARED_SELECTOR = YES;
				GCC_WARN_UNINITIALIZED_AUTOS = YES;
				GCC_WARN_UNUSED_FUNCTION = YES;
				GCC_WARN_UNUSED_VARIABLE = YES;
				MACOSX_DEPLOYMENT_TARGET = 10.9;
				ONLY_ACTIVE_ARCH = YES;
				SDKROOT = macosx;
			};
			name = Debug;
		};
		B1357A9D187CEB3B00811CBC /* Release */ = {
			isa = XCBuildConfiguration;
			buildSettings = {
				ALWAYS_SEARCH_USER_PATHS = NO;
				CLANG_CXX_LANGUAGE_STANDARD = "gnu++0x";
				CLANG_CXX_LIBRARY = "libc++";
				CLANG_ENABLE_OBJC_ARC = YES;
				CLANG_WARN_BOOL_CONVERSION = YES;
				CLANG_WARN_CONSTANT_CONVERSION = YES;
				CLANG_WARN_DIRECT_OBJC_ISA_USAGE = YES_ERROR;
				CLANG_WARN_EMPTY_BODY = YES;
				CLANG_WARN_ENUM_CONVERSION = YES;
				CLANG_WARN_INT_CONVERSION = YES;
				CLANG_WARN_OBJC_ROOT_CLASS = YES_ERROR;
				CLANG_WARN__DUPLICATE_METHOD_MATCH = YES;
				COPY_PHASE_STRIP = YES;
				DEBUG_INFORMATION_FORMAT = "dwarf-with-dsym";
				ENABLE_NS_ASSERTIONS = NO;
				GCC_C_LANGUAGE_STANDARD = gnu99;
				GCC_ENABLE_OBJC_EXCEPTIONS = YES;
				GCC_WARN_64_TO_32_BIT_CONVERSION = YES;
				GCC_WARN_ABOUT_RETURN_TYPE = YES_ERROR;
				GCC_WARN_UNDECLARED_SELECTOR = YES;
				GCC_WARN_UNINITIALIZED_AUTOS = YES;
				GCC_WARN_UNUSED_FUNCTION = YES;
				GCC_WARN_UNUSED_VARIABLE = YES;
				MACOSX_DEPLOYMENT_TARGET = 10.9;
				SDKROOT = macosx;
			};
			name = Release;
		};
		B1357A9F187CEB3B00811CBC /* Debug */ = {
			isa = XCBuildConfiguration;
			buildSettings = {
				ASSETCATALOG_COMPILER_APPICON_NAME = AppIcon;
				COMBINE_HIDPI_IMAGES = YES;
				FRAMEWORK_SEARCH_PATHS = (
					"$(inherited)",
					"$(PROJECT_DIR)",
				);
				GCC_PRECOMPILE_PREFIX_HEADER = YES;
				GCC_PREFIX_HEADER = "Vagrant Manager/Vagrant Manager-Prefix.pch";
				INFOPLIST_FILE = "Vagrant Manager/Vagrant Manager-Info.plist";
				PRODUCT_NAME = "$(TARGET_NAME)";
				WRAPPER_EXTENSION = app;
			};
			name = Debug;
		};
		B1357AA0187CEB3B00811CBC /* Release */ = {
			isa = XCBuildConfiguration;
			buildSettings = {
				ASSETCATALOG_COMPILER_APPICON_NAME = AppIcon;
				COMBINE_HIDPI_IMAGES = YES;
				FRAMEWORK_SEARCH_PATHS = (
					"$(inherited)",
					"$(PROJECT_DIR)",
				);
				GCC_PRECOMPILE_PREFIX_HEADER = YES;
				GCC_PREFIX_HEADER = "Vagrant Manager/Vagrant Manager-Prefix.pch";
				INFOPLIST_FILE = "Vagrant Manager/Vagrant Manager-Info.plist";
				PRODUCT_NAME = "$(TARGET_NAME)";
				WRAPPER_EXTENSION = app;
			};
			name = Release;
		};
/* End XCBuildConfiguration section */

/* Begin XCConfigurationList section */
		838A372E191F59FE006244FA /* Build configuration list for PBXNativeTarget "Askpass" */ = {
			isa = XCConfigurationList;
			buildConfigurations = (
				838A372F191F59FE006244FA /* Debug */,
				838A3730191F59FE006244FA /* Release */,
			);
			defaultConfigurationIsVisible = 0;
			defaultConfigurationName = Release;
		};
		B1357A68187CEB3B00811CBC /* Build configuration list for PBXProject "Vagrant Manager" */ = {
			isa = XCConfigurationList;
			buildConfigurations = (
				B1357A9C187CEB3B00811CBC /* Debug */,
				B1357A9D187CEB3B00811CBC /* Release */,
			);
			defaultConfigurationIsVisible = 0;
			defaultConfigurationName = Release;
		};
		B1357A9E187CEB3B00811CBC /* Build configuration list for PBXNativeTarget "Vagrant Manager" */ = {
			isa = XCConfigurationList;
			buildConfigurations = (
				B1357A9F187CEB3B00811CBC /* Debug */,
				B1357AA0187CEB3B00811CBC /* Release */,
			);
			defaultConfigurationIsVisible = 0;
			defaultConfigurationName = Release;
		};
/* End XCConfigurationList section */
	};
	rootObject = B1357A65187CEB3B00811CBC /* Project object */;
}
